// !$*UTF8*$!
{
	archiveVersion = 1;
	classes = {
	};
	objectVersion = 50;
	objects = {

/* Begin PBXBuildFile section */
		32AC1B1B2F028E9998F561A5 /* Pods_Shuffle100Tests.framework in Frameworks */ = {isa = PBXBuildFile; fileRef = 4E8B43413E42344FA5C35633 /* Pods_Shuffle100Tests.framework */; };
		8FBC19A0C5FAC73FC692B4EF /* Pods_Shuffle100.framework in Frameworks */ = {isa = PBXBuildFile; fileRef = 3FA9011D822AA3FAB9728BC6 /* Pods_Shuffle100.framework */; settings = {ATTRIBUTES = (Weak, ); }; };
		9206CEE122E1FEE500AC0457 /* PoemPickerScreenSearch.swift in Sources */ = {isa = PBXBuildFile; fileRef = 9206CEE022E1FEE500AC0457 /* PoemPickerScreenSearch.swift */; };
		9206CEE222E1FEE500AC0457 /* PoemPickerScreenSearch.swift in Sources */ = {isa = PBXBuildFile; fileRef = 9206CEE022E1FEE500AC0457 /* PoemPickerScreenSearch.swift */; };
		9206CEE322E1FEE500AC0457 /* PoemPickerScreenSearch.swift in Sources */ = {isa = PBXBuildFile; fileRef = 9206CEE022E1FEE500AC0457 /* PoemPickerScreenSearch.swift */; };
		9207BAF4229579D600816DC8 /* Bool100.swift in Sources */ = {isa = PBXBuildFile; fileRef = 9207BAF3229579D600816DC8 /* Bool100.swift */; };
		9207BAF5229579D600816DC8 /* Bool100.swift in Sources */ = {isa = PBXBuildFile; fileRef = 9207BAF3229579D600816DC8 /* Bool100.swift */; };
		9207BAF6229579D600816DC8 /* Bool100.swift in Sources */ = {isa = PBXBuildFile; fileRef = 9207BAF3229579D600816DC8 /* Bool100.swift */; };
		9207BAFC2298182000816DC8 /* Bool100Test.swift in Sources */ = {isa = PBXBuildFile; fileRef = 9207BAFB2298182000816DC8 /* Bool100Test.swift */; };
		9207BB3222996B7300816DC8 /* Settings.swift in Sources */ = {isa = PBXBuildFile; fileRef = 9207BB3122996B7300816DC8 /* Settings.swift */; };
		9207BB3322996B7300816DC8 /* Settings.swift in Sources */ = {isa = PBXBuildFile; fileRef = 9207BB3122996B7300816DC8 /* Settings.swift */; };
		9207BB3422996B7300816DC8 /* Settings.swift in Sources */ = {isa = PBXBuildFile; fileRef = 9207BB3122996B7300816DC8 /* Settings.swift */; };
		9207BB3622996CF200816DC8 /* RecitingConfigTest.swift in Sources */ = {isa = PBXBuildFile; fileRef = 9207BB3522996CF200816DC8 /* RecitingConfigTest.swift */; };
		9208DF1022FAF9DD00A3F22C /* SelectModeCoordinator.swift in Sources */ = {isa = PBXBuildFile; fileRef = 9208DF0F22FAF9DD00A3F22C /* SelectModeCoordinator.swift */; };
		9208DF1122FAF9DD00A3F22C /* SelectModeCoordinator.swift in Sources */ = {isa = PBXBuildFile; fileRef = 9208DF0F22FAF9DD00A3F22C /* SelectModeCoordinator.swift */; };
		9208DF1222FAF9DD00A3F22C /* SelectModeCoordinator.swift in Sources */ = {isa = PBXBuildFile; fileRef = 9208DF0F22FAF9DD00A3F22C /* SelectModeCoordinator.swift */; };
		9208DF1422FAFD2300A3F22C /* RecitePoemCoordinator.swift in Sources */ = {isa = PBXBuildFile; fileRef = 9208DF1322FAFD2300A3F22C /* RecitePoemCoordinator.swift */; };
		9208DF1522FAFD2300A3F22C /* RecitePoemCoordinator.swift in Sources */ = {isa = PBXBuildFile; fileRef = 9208DF1322FAFD2300A3F22C /* RecitePoemCoordinator.swift */; };
		9208DF1622FAFD2300A3F22C /* RecitePoemCoordinator.swift in Sources */ = {isa = PBXBuildFile; fileRef = 9208DF1322FAFD2300A3F22C /* RecitePoemCoordinator.swift */; };
		92158F79232518CD003C1D86 /* ReciteViewPlayButton.swift in Sources */ = {isa = PBXBuildFile; fileRef = 92158F78232518CD003C1D86 /* ReciteViewPlayButton.swift */; };
		92158F7A232518CD003C1D86 /* ReciteViewPlayButton.swift in Sources */ = {isa = PBXBuildFile; fileRef = 92158F78232518CD003C1D86 /* ReciteViewPlayButton.swift */; };
		92158F7B232518CD003C1D86 /* ReciteViewPlayButton.swift in Sources */ = {isa = PBXBuildFile; fileRef = 92158F78232518CD003C1D86 /* ReciteViewPlayButton.swift */; };
		9216F5CD214E1A2400A6C250 /* HomeViewControllerUITest.swift in Sources */ = {isa = PBXBuildFile; fileRef = 9216F5CC214E1A2400A6C250 /* HomeViewControllerUITest.swift */; };
		921737F7214E97C00059EAA4 /* UIColorExtention.swift in Sources */ = {isa = PBXBuildFile; fileRef = 921737F6214E97C00059EAA4 /* UIColorExtention.swift */; };
		921746272280313700C3203A /* PoemPickerIntegrationUITest.swift in Sources */ = {isa = PBXBuildFile; fileRef = 921746262280313700C3203A /* PoemPickerIntegrationUITest.swift */; };
		92296231232F9D2D00D712A6 /* RecitePoemScreenUITest.swift in Sources */ = {isa = PBXBuildFile; fileRef = 92296230232F9D2D00D712A6 /* RecitePoemScreenUITest.swift */; };
		923B594623A51C04002027B4 /* PoemPickerScreenUITest.swift in Sources */ = {isa = PBXBuildFile; fileRef = 923B594523A51C04002027B4 /* PoemPickerScreenUITest.swift */; };
		923D59122143BB0A000F5E60 /* AppDelegate.swift in Sources */ = {isa = PBXBuildFile; fileRef = 923D59112143BB0A000F5E60 /* AppDelegate.swift */; };
		923D59142143BB0A000F5E60 /* HomeViewController.swift in Sources */ = {isa = PBXBuildFile; fileRef = 923D59132143BB0A000F5E60 /* HomeViewController.swift */; };
		923D59192143BB0B000F5E60 /* Assets.xcassets in Resources */ = {isa = PBXBuildFile; fileRef = 923D59182143BB0B000F5E60 /* Assets.xcassets */; };
		923D59272143BB0B000F5E60 /* HomeScreenTest.swift in Sources */ = {isa = PBXBuildFile; fileRef = 923D59262143BB0B000F5E60 /* HomeScreenTest.swift */; };
		9258D19F22D9D42D003A0EF8 /* UIButtonExtension.swift in Sources */ = {isa = PBXBuildFile; fileRef = 9258D19E22D9D42D003A0EF8 /* UIButtonExtension.swift */; };
		9258D1A022D9D42D003A0EF8 /* UIButtonExtension.swift in Sources */ = {isa = PBXBuildFile; fileRef = 9258D19E22D9D42D003A0EF8 /* UIButtonExtension.swift */; };
		9258D1A122D9D42D003A0EF8 /* UIButtonExtension.swift in Sources */ = {isa = PBXBuildFile; fileRef = 9258D19E22D9D42D003A0EF8 /* UIButtonExtension.swift */; };
		9258D1A322D9D624003A0EF8 /* ViewSize.swift in Sources */ = {isa = PBXBuildFile; fileRef = 9258D1A222D9D624003A0EF8 /* ViewSize.swift */; };
		9258D1A422D9D624003A0EF8 /* ViewSize.swift in Sources */ = {isa = PBXBuildFile; fileRef = 9258D1A222D9D624003A0EF8 /* ViewSize.swift */; };
		9258D1A522D9D624003A0EF8 /* ViewSize.swift in Sources */ = {isa = PBXBuildFile; fileRef = 9258D1A222D9D624003A0EF8 /* ViewSize.swift */; };
		9258D1A722D9D6E3003A0EF8 /* ReciteViewButton.swift in Sources */ = {isa = PBXBuildFile; fileRef = 9258D1A622D9D6E3003A0EF8 /* ReciteViewButton.swift */; };
		9258D1A822D9D6E3003A0EF8 /* ReciteViewButton.swift in Sources */ = {isa = PBXBuildFile; fileRef = 9258D1A622D9D6E3003A0EF8 /* ReciteViewButton.swift */; };
		9258D1A922D9D6E3003A0EF8 /* ReciteViewButton.swift in Sources */ = {isa = PBXBuildFile; fileRef = 9258D1A622D9D6E3003A0EF8 /* ReciteViewButton.swift */; };
		9258D1AB22D9D85C003A0EF8 /* ReciteViewHeaderButton.swift in Sources */ = {isa = PBXBuildFile; fileRef = 9258D1AA22D9D85C003A0EF8 /* ReciteViewHeaderButton.swift */; };
		9258D1AC22D9D85C003A0EF8 /* ReciteViewHeaderButton.swift in Sources */ = {isa = PBXBuildFile; fileRef = 9258D1AA22D9D85C003A0EF8 /* ReciteViewHeaderButton.swift */; };
		9258D1AD22D9D85C003A0EF8 /* ReciteViewHeaderButton.swift in Sources */ = {isa = PBXBuildFile; fileRef = 9258D1AA22D9D85C003A0EF8 /* ReciteViewHeaderButton.swift */; };
		9258D1AF22D9DB0C003A0EF8 /* RecitePoemView.swift in Sources */ = {isa = PBXBuildFile; fileRef = 9258D1AE22D9DB0C003A0EF8 /* RecitePoemView.swift */; };
		9258D1B022D9DB0C003A0EF8 /* RecitePoemView.swift in Sources */ = {isa = PBXBuildFile; fileRef = 9258D1AE22D9DB0C003A0EF8 /* RecitePoemView.swift */; };
		9258D1B122D9DB0C003A0EF8 /* RecitePoemView.swift in Sources */ = {isa = PBXBuildFile; fileRef = 9258D1AE22D9DB0C003A0EF8 /* RecitePoemView.swift */; };
		9258D1B322D9DB58003A0EF8 /* RecitePoemView-HeaderPart.swift in Sources */ = {isa = PBXBuildFile; fileRef = 9258D1B222D9DB58003A0EF8 /* RecitePoemView-HeaderPart.swift */; };
		9258D1B422D9DB58003A0EF8 /* RecitePoemView-HeaderPart.swift in Sources */ = {isa = PBXBuildFile; fileRef = 9258D1B222D9DB58003A0EF8 /* RecitePoemView-HeaderPart.swift */; };
		9258D1B522D9DB58003A0EF8 /* RecitePoemView-HeaderPart.swift in Sources */ = {isa = PBXBuildFile; fileRef = 9258D1B222D9DB58003A0EF8 /* RecitePoemView-HeaderPart.swift */; };
		9258D1B722D9DBAB003A0EF8 /* RecitePoemView-LowerPart.swift in Sources */ = {isa = PBXBuildFile; fileRef = 9258D1B622D9DBAB003A0EF8 /* RecitePoemView-LowerPart.swift */; };
		9258D1B822D9DBAB003A0EF8 /* RecitePoemView-LowerPart.swift in Sources */ = {isa = PBXBuildFile; fileRef = 9258D1B622D9DBAB003A0EF8 /* RecitePoemView-LowerPart.swift */; };
		9258D1B922D9DBAB003A0EF8 /* RecitePoemView-LowerPart.swift in Sources */ = {isa = PBXBuildFile; fileRef = 9258D1B622D9DBAB003A0EF8 /* RecitePoemView-LowerPart.swift */; };
		9258D1BB22D9DC19003A0EF8 /* RecitePoemView-PlayButtonPart.swift in Sources */ = {isa = PBXBuildFile; fileRef = 9258D1BA22D9DC19003A0EF8 /* RecitePoemView-PlayButtonPart.swift */; };
		9258D1BC22D9DC19003A0EF8 /* RecitePoemView-PlayButtonPart.swift in Sources */ = {isa = PBXBuildFile; fileRef = 9258D1BA22D9DC19003A0EF8 /* RecitePoemView-PlayButtonPart.swift */; };
		9258D1BD22D9DC19003A0EF8 /* RecitePoemView-PlayButtonPart.swift in Sources */ = {isa = PBXBuildFile; fileRef = 9258D1BA22D9DC19003A0EF8 /* RecitePoemView-PlayButtonPart.swift */; };
		9258D1BF22DA0258003A0EF8 /* exit_square.png in Resources */ = {isa = PBXBuildFile; fileRef = 9258D1BE22DA0258003A0EF8 /* exit_square.png */; };
		9258D1C022DA0258003A0EF8 /* exit_square.png in Resources */ = {isa = PBXBuildFile; fileRef = 9258D1BE22DA0258003A0EF8 /* exit_square.png */; };
		9258D1C122DA0258003A0EF8 /* exit_square.png in Resources */ = {isa = PBXBuildFile; fileRef = 9258D1BE22DA0258003A0EF8 /* exit_square.png */; };
		9258D1E922DAFDA6003A0EF8 /* GotoRecitePoemScreenUITest.swift in Sources */ = {isa = PBXBuildFile; fileRef = 9258D1E822DAFDA6003A0EF8 /* GotoRecitePoemScreenUITest.swift */; };
		9258D1EB22DCA1C8003A0EF8 /* RecitePoemScreenDelegate.swift in Sources */ = {isa = PBXBuildFile; fileRef = 9258D1EA22DCA1C7003A0EF8 /* RecitePoemScreenDelegate.swift */; };
		9258D1EC22DCA1C8003A0EF8 /* RecitePoemScreenDelegate.swift in Sources */ = {isa = PBXBuildFile; fileRef = 9258D1EA22DCA1C7003A0EF8 /* RecitePoemScreenDelegate.swift */; };
		9258D1ED22DCA1C8003A0EF8 /* RecitePoemScreenDelegate.swift in Sources */ = {isa = PBXBuildFile; fileRef = 9258D1EA22DCA1C7003A0EF8 /* RecitePoemScreenDelegate.swift */; };
		9258FAEC21FDBF7B00E4E0B7 /* GameStartCell.swift in Sources */ = {isa = PBXBuildFile; fileRef = 9258FAEB21FDBF7B00E4E0B7 /* GameStartCell.swift */; };
		9258FAED21FDBF7B00E4E0B7 /* GameStartCell.swift in Sources */ = {isa = PBXBuildFile; fileRef = 9258FAEB21FDBF7B00E4E0B7 /* GameStartCell.swift */; };
		9258FAEE21FDBF7B00E4E0B7 /* GameStartCell.swift in Sources */ = {isa = PBXBuildFile; fileRef = 9258FAEB21FDBF7B00E4E0B7 /* GameStartCell.swift */; };
		9258FAF021FEAB3D00E4E0B7 /* gear-520.png in Resources */ = {isa = PBXBuildFile; fileRef = 9258FAEF21FEAB3D00E4E0B7 /* gear-520.png */; };
		9258FAF121FEAB3D00E4E0B7 /* gear-520.png in Resources */ = {isa = PBXBuildFile; fileRef = 9258FAEF21FEAB3D00E4E0B7 /* gear-520.png */; };
		9258FAF221FEAB3D00E4E0B7 /* gear-520.png in Resources */ = {isa = PBXBuildFile; fileRef = 9258FAEF21FEAB3D00E4E0B7 /* gear-520.png */; };
		9258FAF521FEB00500E4E0B7 /* UIImageExtension.swift in Sources */ = {isa = PBXBuildFile; fileRef = 9258FAF421FEB00500E4E0B7 /* UIImageExtension.swift */; };
		9258FAF621FEB00500E4E0B7 /* UIImageExtension.swift in Sources */ = {isa = PBXBuildFile; fileRef = 9258FAF421FEB00500E4E0B7 /* UIImageExtension.swift */; };
		9258FAF721FEB00500E4E0B7 /* UIImageExtension.swift in Sources */ = {isa = PBXBuildFile; fileRef = 9258FAF421FEB00500E4E0B7 /* UIImageExtension.swift */; };
		9258FAF921FEE4AA00E4E0B7 /* question_white.png in Resources */ = {isa = PBXBuildFile; fileRef = 9258FAF821FEE4AA00E4E0B7 /* question_white.png */; };
		925CEB4F218DB21900876E7A /* HomeViewController.swift in Sources */ = {isa = PBXBuildFile; fileRef = 923D59132143BB0A000F5E60 /* HomeViewController.swift */; };
		925CEB50218DB21A00876E7A /* HomeViewController.swift in Sources */ = {isa = PBXBuildFile; fileRef = 923D59132143BB0A000F5E60 /* HomeViewController.swift */; };
		925CEB57218ED64000876E7A /* HomeScreenTableCell.swift in Sources */ = {isa = PBXBuildFile; fileRef = 925CEB56218ED64000876E7A /* HomeScreenTableCell.swift */; };
		925CEB58218ED64000876E7A /* HomeScreenTableCell.swift in Sources */ = {isa = PBXBuildFile; fileRef = 925CEB56218ED64000876E7A /* HomeScreenTableCell.swift */; };
		925CEB59218ED64000876E7A /* HomeScreenTableCell.swift in Sources */ = {isa = PBXBuildFile; fileRef = 925CEB56218ED64000876E7A /* HomeScreenTableCell.swift */; };
		9262999E236586D0000EC4F7 /* UIColorExtensionTest.swift in Sources */ = {isa = PBXBuildFile; fileRef = 9262999D236586D0000EC4F7 /* UIColorExtensionTest.swift */; };
		92737DD32380312F007B5FAD /* StandardColor.swift in Sources */ = {isa = PBXBuildFile; fileRef = 92737DD22380312F007B5FAD /* StandardColor.swift */; };
		92737DD42380312F007B5FAD /* StandardColor.swift in Sources */ = {isa = PBXBuildFile; fileRef = 92737DD22380312F007B5FAD /* StandardColor.swift */; };
		92737DD52380312F007B5FAD /* StandardColor.swift in Sources */ = {isa = PBXBuildFile; fileRef = 92737DD22380312F007B5FAD /* StandardColor.swift */; };
		92737DD82385677F007B5FAD /* RecitePoemCoordinatorTest.swift in Sources */ = {isa = PBXBuildFile; fileRef = 92737DD72385677F007B5FAD /* RecitePoemCoordinatorTest.swift */; };
		92737E3E238A9882007B5FAD /* RecitePoemScreenGameActions.swift in Sources */ = {isa = PBXBuildFile; fileRef = 92737E3D238A9882007B5FAD /* RecitePoemScreenGameActions.swift */; };
		92737E3F238A9882007B5FAD /* RecitePoemScreenGameActions.swift in Sources */ = {isa = PBXBuildFile; fileRef = 92737E3D238A9882007B5FAD /* RecitePoemScreenGameActions.swift */; };
		92737E40238A9882007B5FAD /* RecitePoemScreenGameActions.swift in Sources */ = {isa = PBXBuildFile; fileRef = 92737E3D238A9882007B5FAD /* RecitePoemScreenGameActions.swift */; };
		92737E44238E9EDA007B5FAD /* GoThrough100PoemsUITest.swift in Sources */ = {isa = PBXBuildFile; fileRef = 92737E43238E9EDA007B5FAD /* GoThrough100PoemsUITest.swift */; };
		927E4BE0222BCFF900AF48F7 /* SelectReciteModeUITest.swift in Sources */ = {isa = PBXBuildFile; fileRef = 927E4BDF222BCFF900AF48F7 /* SelectReciteModeUITest.swift */; };
		927E4BE2222D4DD100AF48F7 /* HomeScreenDefaultTest.swift in Sources */ = {isa = PBXBuildFile; fileRef = 927E4BE1222D4DD100AF48F7 /* HomeScreenDefaultTest.swift */; };
		927E4BEA222E9DD200AF48F7 /* Array+Shuffled.swift in Sources */ = {isa = PBXBuildFile; fileRef = 927E4BE3222E9DD100AF48F7 /* Array+Shuffled.swift */; };
		927E4BEB222E9DD200AF48F7 /* Array+Shuffled.swift in Sources */ = {isa = PBXBuildFile; fileRef = 927E4BE3222E9DD100AF48F7 /* Array+Shuffled.swift */; };
		927E4BEC222E9DD200AF48F7 /* Array+Shuffled.swift in Sources */ = {isa = PBXBuildFile; fileRef = 927E4BE3222E9DD100AF48F7 /* Array+Shuffled.swift */; };
		927E4BED222E9DD200AF48F7 /* SelectedState100.swift in Sources */ = {isa = PBXBuildFile; fileRef = 927E4BE4222E9DD100AF48F7 /* SelectedState100.swift */; };
		927E4BEE222E9DD200AF48F7 /* SelectedState100.swift in Sources */ = {isa = PBXBuildFile; fileRef = 927E4BE4222E9DD100AF48F7 /* SelectedState100.swift */; };
		927E4BEF222E9DD200AF48F7 /* SelectedState100.swift in Sources */ = {isa = PBXBuildFile; fileRef = 927E4BE4222E9DD100AF48F7 /* SelectedState100.swift */; };
		927E4BF0222E9DD200AF48F7 /* PoemExt.swift in Sources */ = {isa = PBXBuildFile; fileRef = 927E4BE5222E9DD100AF48F7 /* PoemExt.swift */; };
		927E4BF1222E9DD200AF48F7 /* PoemExt.swift in Sources */ = {isa = PBXBuildFile; fileRef = 927E4BE5222E9DD100AF48F7 /* PoemExt.swift */; };
		927E4BF2222E9DD200AF48F7 /* PoemExt.swift in Sources */ = {isa = PBXBuildFile; fileRef = 927E4BE5222E9DD100AF48F7 /* PoemExt.swift */; };
		927E4BF3222E9DD200AF48F7 /* PoemSupplier.swift in Sources */ = {isa = PBXBuildFile; fileRef = 927E4BE6222E9DD100AF48F7 /* PoemSupplier.swift */; };
		927E4BF4222E9DD200AF48F7 /* PoemSupplier.swift in Sources */ = {isa = PBXBuildFile; fileRef = 927E4BE6222E9DD100AF48F7 /* PoemSupplier.swift */; };
		927E4BF5222E9DD200AF48F7 /* PoemSupplier.swift in Sources */ = {isa = PBXBuildFile; fileRef = 927E4BE6222E9DD100AF48F7 /* PoemSupplier.swift */; };
		927E4BF6222E9DD200AF48F7 /* Deck.swift in Sources */ = {isa = PBXBuildFile; fileRef = 927E4BE7222E9DD200AF48F7 /* Deck.swift */; };
		927E4BF7222E9DD200AF48F7 /* Deck.swift in Sources */ = {isa = PBXBuildFile; fileRef = 927E4BE7222E9DD200AF48F7 /* Deck.swift */; };
		927E4BF8222E9DD200AF48F7 /* Deck.swift in Sources */ = {isa = PBXBuildFile; fileRef = 927E4BE7222E9DD200AF48F7 /* Deck.swift */; };
		927E4BF9222E9DD200AF48F7 /* Poem.swift in Sources */ = {isa = PBXBuildFile; fileRef = 927E4BE8222E9DD200AF48F7 /* Poem.swift */; };
		927E4BFA222E9DD200AF48F7 /* Poem.swift in Sources */ = {isa = PBXBuildFile; fileRef = 927E4BE8222E9DD200AF48F7 /* Poem.swift */; };
		927E4BFB222E9DD200AF48F7 /* Poem.swift in Sources */ = {isa = PBXBuildFile; fileRef = 927E4BE8222E9DD200AF48F7 /* Poem.swift */; };
		927E4BFC222E9DD200AF48F7 /* Array+Diff.swift in Sources */ = {isa = PBXBuildFile; fileRef = 927E4BE9222E9DD200AF48F7 /* Array+Diff.swift */; };
		927E4BFD222E9DD200AF48F7 /* Array+Diff.swift in Sources */ = {isa = PBXBuildFile; fileRef = 927E4BE9222E9DD200AF48F7 /* Array+Diff.swift */; };
		927E4BFE222E9DD200AF48F7 /* Array+Diff.swift in Sources */ = {isa = PBXBuildFile; fileRef = 927E4BE9222E9DD200AF48F7 /* Array+Diff.swift */; };
		927E4C05222E9EC700AF48F7 /* DeckTests.swift in Sources */ = {isa = PBXBuildFile; fileRef = 927E4C01222E9EC600AF48F7 /* DeckTests.swift */; };
		927E4C06222E9EC700AF48F7 /* PoemSupplierTests.swift in Sources */ = {isa = PBXBuildFile; fileRef = 927E4C02222E9EC600AF48F7 /* PoemSupplierTests.swift */; };
		927E4C07222E9EC700AF48F7 /* SelectedState100Tests.swift in Sources */ = {isa = PBXBuildFile; fileRef = 927E4C03222E9EC600AF48F7 /* SelectedState100Tests.swift */; };
		927E4C08222E9EC700AF48F7 /* PoemsTests.swift in Sources */ = {isa = PBXBuildFile; fileRef = 927E4C04222E9EC700AF48F7 /* PoemsTests.swift */; };
		927E4C0A22329F2700AF48F7 /* PoemPickerViewController.swift in Sources */ = {isa = PBXBuildFile; fileRef = 927E4C0922329F2700AF48F7 /* PoemPickerViewController.swift */; };
		927E4C0B22329F2700AF48F7 /* PoemPickerViewController.swift in Sources */ = {isa = PBXBuildFile; fileRef = 927E4C0922329F2700AF48F7 /* PoemPickerViewController.swift */; };
		927E4C0C22329F2700AF48F7 /* PoemPickerViewController.swift in Sources */ = {isa = PBXBuildFile; fileRef = 927E4C0922329F2700AF48F7 /* PoemPickerViewController.swift */; };
		927E4C0E22329F8000AF48F7 /* PoemPickerScreenTest.swift in Sources */ = {isa = PBXBuildFile; fileRef = 927E4C0D22329F8000AF48F7 /* PoemPickerScreenTest.swift */; };
		928450D522E06B5D00D12CA7 /* WaitInUITest.swift in Sources */ = {isa = PBXBuildFile; fileRef = 928450D422E06B5D00D12CA7 /* WaitInUITest.swift */; };
		928E73B422ABE7B400FB1B7B /* RecitePoemScreenTest.swift in Sources */ = {isa = PBXBuildFile; fileRef = 928E73B322ABE7B400FB1B7B /* RecitePoemScreenTest.swift */; };
		928E73B622ABE83C00FB1B7B /* RecitePoemViewController.swift in Sources */ = {isa = PBXBuildFile; fileRef = 928E73B522ABE83C00FB1B7B /* RecitePoemViewController.swift */; };
		928E73B722ABE83C00FB1B7B /* RecitePoemViewController.swift in Sources */ = {isa = PBXBuildFile; fileRef = 928E73B522ABE83C00FB1B7B /* RecitePoemViewController.swift */; };
		928E73B822ABE83C00FB1B7B /* RecitePoemViewController.swift in Sources */ = {isa = PBXBuildFile; fileRef = 928E73B522ABE83C00FB1B7B /* RecitePoemViewController.swift */; };
		9297F62522EC7A76001E2BEB /* AudioPlayerFactoryTests.swift in Sources */ = {isa = PBXBuildFile; fileRef = 9297F62422EC7A76001E2BEB /* AudioPlayerFactoryTests.swift */; };
		9297F62722EC7AFA001E2BEB /* AudioPlayerFactory.swift in Sources */ = {isa = PBXBuildFile; fileRef = 9297F62622EC7AFA001E2BEB /* AudioPlayerFactory.swift */; };
		9297F62822EC7AFA001E2BEB /* AudioPlayerFactory.swift in Sources */ = {isa = PBXBuildFile; fileRef = 9297F62622EC7AFA001E2BEB /* AudioPlayerFactory.swift */; };
		9297F62922EC7AFA001E2BEB /* AudioPlayerFactory.swift in Sources */ = {isa = PBXBuildFile; fileRef = 9297F62622EC7AFA001E2BEB /* AudioPlayerFactory.swift */; };
		929824962222B60C007EEC76 /* HomeScreenDataSourceFactory.swift in Sources */ = {isa = PBXBuildFile; fileRef = 929824952222B60C007EEC76 /* HomeScreenDataSourceFactory.swift */; };
		929824972222B60C007EEC76 /* HomeScreenDataSourceFactory.swift in Sources */ = {isa = PBXBuildFile; fileRef = 929824952222B60C007EEC76 /* HomeScreenDataSourceFactory.swift */; };
		929824982222B60C007EEC76 /* HomeScreenDataSourceFactory.swift in Sources */ = {isa = PBXBuildFile; fileRef = 929824952222B60C007EEC76 /* HomeScreenDataSourceFactory.swift */; };
		929A615122F6EF7600435D2C /* CoordinatorProtocol.swift in Sources */ = {isa = PBXBuildFile; fileRef = 929A615022F6EF7600435D2C /* CoordinatorProtocol.swift */; };
		929A615222F6EF7600435D2C /* CoordinatorProtocol.swift in Sources */ = {isa = PBXBuildFile; fileRef = 929A615022F6EF7600435D2C /* CoordinatorProtocol.swift */; };
		929A615322F6EF7600435D2C /* CoordinatorProtocol.swift in Sources */ = {isa = PBXBuildFile; fileRef = 929A615022F6EF7600435D2C /* CoordinatorProtocol.swift */; };
		929A615522F6F23000435D2C /* PoemPickerCoordinator.swift in Sources */ = {isa = PBXBuildFile; fileRef = 929A615422F6F23000435D2C /* PoemPickerCoordinator.swift */; };
		929A615622F6F23000435D2C /* PoemPickerCoordinator.swift in Sources */ = {isa = PBXBuildFile; fileRef = 929A615422F6F23000435D2C /* PoemPickerCoordinator.swift */; };
		929A615722F6F23000435D2C /* PoemPickerCoordinator.swift in Sources */ = {isa = PBXBuildFile; fileRef = 929A615422F6F23000435D2C /* PoemPickerCoordinator.swift */; };
		92AF24A1229E91260085B754 /* LegacyDataConverterTest.swift in Sources */ = {isa = PBXBuildFile; fileRef = 92AF24A0229E91260085B754 /* LegacyDataConverterTest.swift */; };
		92AF24A3229E92EE0085B754 /* LegacyDataConverter.swift in Sources */ = {isa = PBXBuildFile; fileRef = 92AF24A2229E92EE0085B754 /* LegacyDataConverter.swift */; };
		92AF24A4229E92EE0085B754 /* LegacyDataConverter.swift in Sources */ = {isa = PBXBuildFile; fileRef = 92AF24A2229E92EE0085B754 /* LegacyDataConverter.swift */; };
		92AF24A5229E92EE0085B754 /* LegacyDataConverter.swift in Sources */ = {isa = PBXBuildFile; fileRef = 92AF24A2229E92EE0085B754 /* LegacyDataConverter.swift */; };
		92AF24A7229EB12A0085B754 /* SavedFudaSetTest.swift in Sources */ = {isa = PBXBuildFile; fileRef = 92AF24A6229EB12A0085B754 /* SavedFudaSetTest.swift */; };
		92AF24A922A15FC60085B754 /* SavedFudaSet.swift in Sources */ = {isa = PBXBuildFile; fileRef = 92AF24A822A15FC60085B754 /* SavedFudaSet.swift */; };
		92AF24AA22A15FC60085B754 /* SavedFudaSet.swift in Sources */ = {isa = PBXBuildFile; fileRef = 92AF24A822A15FC60085B754 /* SavedFudaSet.swift */; };
		92AF24AB22A15FC60085B754 /* SavedFudaSet.swift in Sources */ = {isa = PBXBuildFile; fileRef = 92AF24A822A15FC60085B754 /* SavedFudaSet.swift */; };
		92BCDE7A226C8E1E001853DC /* MainCoordinator.swift in Sources */ = {isa = PBXBuildFile; fileRef = 92BCDE79226C8E1E001853DC /* MainCoordinator.swift */; };
		92BCDE7B226C8E1E001853DC /* MainCoordinator.swift in Sources */ = {isa = PBXBuildFile; fileRef = 92BCDE79226C8E1E001853DC /* MainCoordinator.swift */; };
		92BCDE7C226C8E1E001853DC /* MainCoordinator.swift in Sources */ = {isa = PBXBuildFile; fileRef = 92BCDE79226C8E1E001853DC /* MainCoordinator.swift */; };
		92C87DD322E8894900569D15 /* audio in Resources */ = {isa = PBXBuildFile; fileRef = 92C87DD222E8894900569D15 /* audio */; };
		92C87DD422E8894900569D15 /* audio in Resources */ = {isa = PBXBuildFile; fileRef = 92C87DD222E8894900569D15 /* audio */; };
		92C87DD522E8894900569D15 /* audio in Resources */ = {isa = PBXBuildFile; fileRef = 92C87DD222E8894900569D15 /* audio */; };
		92C87DD722E88D5400569D15 /* Singers.json in Resources */ = {isa = PBXBuildFile; fileRef = 92C87DD622E88D5400569D15 /* Singers.json */; };
		92C87DD822E88D5400569D15 /* Singers.json in Resources */ = {isa = PBXBuildFile; fileRef = 92C87DD622E88D5400569D15 /* Singers.json */; };
		92C87DD922E88D5400569D15 /* Singers.json in Resources */ = {isa = PBXBuildFile; fileRef = 92C87DD622E88D5400569D15 /* Singers.json */; };
		92C87DDB22E88E6900569D15 /* SingerTests.swift in Sources */ = {isa = PBXBuildFile; fileRef = 92C87DDA22E88E6900569D15 /* SingerTests.swift */; };
		92C87DDD22E88F8600569D15 /* Singer.swift in Sources */ = {isa = PBXBuildFile; fileRef = 92C87DDC22E88F8600569D15 /* Singer.swift */; };
		92C87DDE22E88F8600569D15 /* Singer.swift in Sources */ = {isa = PBXBuildFile; fileRef = 92C87DDC22E88F8600569D15 /* Singer.swift */; };
		92C87DDF22E88F8600569D15 /* Singer.swift in Sources */ = {isa = PBXBuildFile; fileRef = 92C87DDC22E88F8600569D15 /* Singer.swift */; };
		92CE520B2168D4D200538E01 /* HomeScreenDataSource.swift in Sources */ = {isa = PBXBuildFile; fileRef = 92CE520A2168D4D200538E01 /* HomeScreenDataSource.swift */; };
		92CE520C2168D4D200538E01 /* HomeScreenDataSource.swift in Sources */ = {isa = PBXBuildFile; fileRef = 92CE520A2168D4D200538E01 /* HomeScreenDataSource.swift */; };
		92CE520D2168D4D200538E01 /* HomeScreenDataSource.swift in Sources */ = {isa = PBXBuildFile; fileRef = 92CE520A2168D4D200538E01 /* HomeScreenDataSource.swift */; };
		92CE5218216B6ABA00538E01 /* RevealServer.framework in Frameworks */ = {isa = PBXBuildFile; fileRef = 92CE5214216B5AF000538E01 /* RevealServer.framework */; settings = {ATTRIBUTES = (Weak, ); }; };
		92D5714F220EC7DB00235717 /* GameConfig.swift in Sources */ = {isa = PBXBuildFile; fileRef = 92D5714E220EC7DB00235717 /* GameConfig.swift */; };
		92D57151220EC87700235717 /* GameConfigTest.swift in Sources */ = {isa = PBXBuildFile; fileRef = 92D57150220EC87700235717 /* GameConfigTest.swift */; };
		92D57152220ECBC000235717 /* GameConfig.swift in Sources */ = {isa = PBXBuildFile; fileRef = 92D5714E220EC7DB00235717 /* GameConfig.swift */; };
		92D57153220ECBEA00235717 /* GameConfig.swift in Sources */ = {isa = PBXBuildFile; fileRef = 92D5714E220EC7DB00235717 /* GameConfig.swift */; };
		92D57155220F03AF00235717 /* SelectModeViewController.swift in Sources */ = {isa = PBXBuildFile; fileRef = 92D57154220F03AF00235717 /* SelectModeViewController.swift */; };
		92D57156220F03AF00235717 /* SelectModeViewController.swift in Sources */ = {isa = PBXBuildFile; fileRef = 92D57154220F03AF00235717 /* SelectModeViewController.swift */; };
		92D57157220F03AF00235717 /* SelectModeViewController.swift in Sources */ = {isa = PBXBuildFile; fileRef = 92D57154220F03AF00235717 /* SelectModeViewController.swift */; };
		92D57159220F063100235717 /* SelectModeScreenTest.swift in Sources */ = {isa = PBXBuildFile; fileRef = 92D57158220F063100235717 /* SelectModeScreenTest.swift */; };
		92D5715A221014A300235717 /* UIColorExtention.swift in Sources */ = {isa = PBXBuildFile; fileRef = 921737F6214E97C00059EAA4 /* UIColorExtention.swift */; };
		92D5715B221014A400235717 /* UIColorExtention.swift in Sources */ = {isa = PBXBuildFile; fileRef = 921737F6214E97C00059EAA4 /* UIColorExtention.swift */; };
		92E6552221CE753200005F85 /* HomeScreenDelegates.swift in Sources */ = {isa = PBXBuildFile; fileRef = 92E6552121CE753200005F85 /* HomeScreenDelegates.swift */; };
		92E6552321CE753200005F85 /* HomeScreenDelegates.swift in Sources */ = {isa = PBXBuildFile; fileRef = 92E6552121CE753200005F85 /* HomeScreenDelegates.swift */; };
		92E6552421CE753200005F85 /* HomeScreenDelegates.swift in Sources */ = {isa = PBXBuildFile; fileRef = 92E6552121CE753200005F85 /* HomeScreenDelegates.swift */; };
		92F5298C229AAD6500FC79E7 /* RecitingConfig.swift in Sources */ = {isa = PBXBuildFile; fileRef = 92F5298B229AAD6500FC79E7 /* RecitingConfig.swift */; };
		92F5298D229AAD6500FC79E7 /* RecitingConfig.swift in Sources */ = {isa = PBXBuildFile; fileRef = 92F5298B229AAD6500FC79E7 /* RecitingConfig.swift */; };
		92F5298E229AAD6500FC79E7 /* RecitingConfig.swift in Sources */ = {isa = PBXBuildFile; fileRef = 92F5298B229AAD6500FC79E7 /* RecitingConfig.swift */; };
		92FC39422286D5DF00791053 /* UIButton+NormalColor.swift in Sources */ = {isa = PBXBuildFile; fileRef = 92FC39412286D5DF00791053 /* UIButton+NormalColor.swift */; };
		92FC39432286D5DF00791053 /* UIButton+NormalColor.swift in Sources */ = {isa = PBXBuildFile; fileRef = 92FC39412286D5DF00791053 /* UIButton+NormalColor.swift */; };
		92FC39442286D5DF00791053 /* UIButton+NormalColor.swift in Sources */ = {isa = PBXBuildFile; fileRef = 92FC39412286D5DF00791053 /* UIButton+NormalColor.swift */; };
		92FC39462286E94700791053 /* PoemPickerScreenDelegate.swift in Sources */ = {isa = PBXBuildFile; fileRef = 92FC39452286E94700791053 /* PoemPickerScreenDelegate.swift */; };
		92FC39472286E94700791053 /* PoemPickerScreenDelegate.swift in Sources */ = {isa = PBXBuildFile; fileRef = 92FC39452286E94700791053 /* PoemPickerScreenDelegate.swift */; };
		92FC39482286E94700791053 /* PoemPickerScreenDelegate.swift in Sources */ = {isa = PBXBuildFile; fileRef = 92FC39452286E94700791053 /* PoemPickerScreenDelegate.swift */; };
		92FC394A2286EA8A00791053 /* PoemPickerScreenDataSource.swift in Sources */ = {isa = PBXBuildFile; fileRef = 92FC39492286EA8A00791053 /* PoemPickerScreenDataSource.swift */; };
		92FC394B2286EA8A00791053 /* PoemPickerScreenDataSource.swift in Sources */ = {isa = PBXBuildFile; fileRef = 92FC39492286EA8A00791053 /* PoemPickerScreenDataSource.swift */; };
		92FC394C2286EA8A00791053 /* PoemPickerScreenDataSource.swift in Sources */ = {isa = PBXBuildFile; fileRef = 92FC39492286EA8A00791053 /* PoemPickerScreenDataSource.swift */; };
		92FC394F2287110D00791053 /* RecitingSettings.swift in Sources */ = {isa = PBXBuildFile; fileRef = 92FC394E2287110D00791053 /* RecitingSettings.swift */; };
		92FC39502287110D00791053 /* RecitingSettings.swift in Sources */ = {isa = PBXBuildFile; fileRef = 92FC394E2287110D00791053 /* RecitingSettings.swift */; };
		92FC39512287110D00791053 /* RecitingSettings.swift in Sources */ = {isa = PBXBuildFile; fileRef = 92FC394E2287110D00791053 /* RecitingSettings.swift */; };
		92FC39532288370D00791053 /* GameSettings.swift in Sources */ = {isa = PBXBuildFile; fileRef = 92FC39522288370D00791053 /* GameSettings.swift */; };
		92FC39542288370D00791053 /* GameSettings.swift in Sources */ = {isa = PBXBuildFile; fileRef = 92FC39522288370D00791053 /* GameSettings.swift */; };
		92FC39552288370D00791053 /* GameSettings.swift in Sources */ = {isa = PBXBuildFile; fileRef = 92FC39522288370D00791053 /* GameSettings.swift */; };
		92FC39572288389C00791053 /* SelectedStatus100.swift in Sources */ = {isa = PBXBuildFile; fileRef = 92FC39562288389C00791053 /* SelectedStatus100.swift */; };
		92FC39582288389C00791053 /* SelectedStatus100.swift in Sources */ = {isa = PBXBuildFile; fileRef = 92FC39562288389C00791053 /* SelectedStatus100.swift */; };
		92FC39592288389C00791053 /* SelectedStatus100.swift in Sources */ = {isa = PBXBuildFile; fileRef = 92FC39562288389C00791053 /* SelectedStatus100.swift */; };
		92FC39872290457E00791053 /* FudaSet.swift in Sources */ = {isa = PBXBuildFile; fileRef = 92FC39862290457E00791053 /* FudaSet.swift */; };
		92FC39882290457E00791053 /* FudaSet.swift in Sources */ = {isa = PBXBuildFile; fileRef = 92FC39862290457E00791053 /* FudaSet.swift */; };
		92FC39892290457E00791053 /* FudaSet.swift in Sources */ = {isa = PBXBuildFile; fileRef = 92FC39862290457E00791053 /* FudaSet.swift */; };
		92FC398D22917E6000791053 /* Readme.md in Resources */ = {isa = PBXBuildFile; fileRef = 92FC398C22917E6000791053 /* Readme.md */; };
		92FCCEDD22A51E3C002B589E /* 100.json in Resources */ = {isa = PBXBuildFile; fileRef = 92FCCEDC22A51E3C002B589E /* 100.json */; };
		92FCCEDE22A51E3C002B589E /* 100.json in Resources */ = {isa = PBXBuildFile; fileRef = 92FCCEDC22A51E3C002B589E /* 100.json */; };
		92FCCEDF22A51E3C002B589E /* 100.json in Resources */ = {isa = PBXBuildFile; fileRef = 92FCCEDC22A51E3C002B589E /* 100.json */; };
		C798CA8281277B4A2482250B /* Pods_Shuffle100UITests.framework in Frameworks */ = {isa = PBXBuildFile; fileRef = 79014DC54760A8C1E8326A52 /* Pods_Shuffle100UITests.framework */; settings = {ATTRIBUTES = (Required, ); }; };
/* End PBXBuildFile section */

/* Begin PBXContainerItemProxy section */
		923D59232143BB0B000F5E60 /* PBXContainerItemProxy */ = {
			isa = PBXContainerItemProxy;
			containerPortal = 923D59062143BB0A000F5E60 /* Project object */;
			proxyType = 1;
			remoteGlobalIDString = 923D590D2143BB0A000F5E60;
			remoteInfo = Shuffle100;
		};
		923D592E2143BB0B000F5E60 /* PBXContainerItemProxy */ = {
			isa = PBXContainerItemProxy;
			containerPortal = 923D59062143BB0A000F5E60 /* Project object */;
			proxyType = 1;
			remoteGlobalIDString = 923D590D2143BB0A000F5E60;
			remoteInfo = Shuffle100;
		};
/* End PBXContainerItemProxy section */

/* Begin PBXFileReference section */
		09770476FEA00C752FDABFBB /* Pods-Shuffle100UITests.release.xcconfig */ = {isa = PBXFileReference; includeInIndex = 1; lastKnownFileType = text.xcconfig; name = "Pods-Shuffle100UITests.release.xcconfig"; path = "Pods/Target Support Files/Pods-Shuffle100UITests/Pods-Shuffle100UITests.release.xcconfig"; sourceTree = "<group>"; };
		27FD6DA6CE5138B115160EE7 /* Pods-Shuffle100.release.xcconfig */ = {isa = PBXFileReference; includeInIndex = 1; lastKnownFileType = text.xcconfig; name = "Pods-Shuffle100.release.xcconfig"; path = "Pods/Target Support Files/Pods-Shuffle100/Pods-Shuffle100.release.xcconfig"; sourceTree = "<group>"; };
		3FA9011D822AA3FAB9728BC6 /* Pods_Shuffle100.framework */ = {isa = PBXFileReference; explicitFileType = wrapper.framework; includeInIndex = 0; path = Pods_Shuffle100.framework; sourceTree = BUILT_PRODUCTS_DIR; };
		4E8B43413E42344FA5C35633 /* Pods_Shuffle100Tests.framework */ = {isa = PBXFileReference; explicitFileType = wrapper.framework; includeInIndex = 0; path = Pods_Shuffle100Tests.framework; sourceTree = BUILT_PRODUCTS_DIR; };
		79014DC54760A8C1E8326A52 /* Pods_Shuffle100UITests.framework */ = {isa = PBXFileReference; explicitFileType = wrapper.framework; includeInIndex = 0; path = Pods_Shuffle100UITests.framework; sourceTree = BUILT_PRODUCTS_DIR; };
		7D34C7337C6CD8391DD59CE8 /* Pods-Shuffle100.debug.xcconfig */ = {isa = PBXFileReference; includeInIndex = 1; lastKnownFileType = text.xcconfig; name = "Pods-Shuffle100.debug.xcconfig"; path = "Pods/Target Support Files/Pods-Shuffle100/Pods-Shuffle100.debug.xcconfig"; sourceTree = "<group>"; };
		9206CEE022E1FEE500AC0457 /* PoemPickerScreenSearch.swift */ = {isa = PBXFileReference; lastKnownFileType = sourcecode.swift; path = PoemPickerScreenSearch.swift; sourceTree = "<group>"; };
		9207BAF3229579D600816DC8 /* Bool100.swift */ = {isa = PBXFileReference; lastKnownFileType = sourcecode.swift; path = Bool100.swift; sourceTree = "<group>"; };
		9207BAFB2298182000816DC8 /* Bool100Test.swift */ = {isa = PBXFileReference; lastKnownFileType = sourcecode.swift; path = Bool100Test.swift; sourceTree = "<group>"; };
		9207BB3122996B7300816DC8 /* Settings.swift */ = {isa = PBXFileReference; lastKnownFileType = sourcecode.swift; path = Settings.swift; sourceTree = "<group>"; };
		9207BB3522996CF200816DC8 /* RecitingConfigTest.swift */ = {isa = PBXFileReference; lastKnownFileType = sourcecode.swift; path = RecitingConfigTest.swift; sourceTree = "<group>"; };
		9208DF0F22FAF9DD00A3F22C /* SelectModeCoordinator.swift */ = {isa = PBXFileReference; lastKnownFileType = sourcecode.swift; path = SelectModeCoordinator.swift; sourceTree = "<group>"; };
		9208DF1322FAFD2300A3F22C /* RecitePoemCoordinator.swift */ = {isa = PBXFileReference; lastKnownFileType = sourcecode.swift; path = RecitePoemCoordinator.swift; sourceTree = "<group>"; };
		92158F78232518CD003C1D86 /* ReciteViewPlayButton.swift */ = {isa = PBXFileReference; lastKnownFileType = sourcecode.swift; path = ReciteViewPlayButton.swift; sourceTree = "<group>"; };
		9216F5CC214E1A2400A6C250 /* HomeViewControllerUITest.swift */ = {isa = PBXFileReference; lastKnownFileType = sourcecode.swift; path = HomeViewControllerUITest.swift; sourceTree = "<group>"; };
		921737F6214E97C00059EAA4 /* UIColorExtention.swift */ = {isa = PBXFileReference; lastKnownFileType = sourcecode.swift; path = UIColorExtention.swift; sourceTree = "<group>"; };
		921746262280313700C3203A /* PoemPickerIntegrationUITest.swift */ = {isa = PBXFileReference; lastKnownFileType = sourcecode.swift; path = PoemPickerIntegrationUITest.swift; sourceTree = "<group>"; };
		92296230232F9D2D00D712A6 /* RecitePoemScreenUITest.swift */ = {isa = PBXFileReference; lastKnownFileType = sourcecode.swift; path = RecitePoemScreenUITest.swift; sourceTree = "<group>"; };
		923B594523A51C04002027B4 /* PoemPickerScreenUITest.swift */ = {isa = PBXFileReference; lastKnownFileType = sourcecode.swift; path = PoemPickerScreenUITest.swift; sourceTree = "<group>"; };
		923D590E2143BB0A000F5E60 /* Shuffle100.app */ = {isa = PBXFileReference; explicitFileType = wrapper.application; includeInIndex = 0; path = Shuffle100.app; sourceTree = BUILT_PRODUCTS_DIR; };
		923D59112143BB0A000F5E60 /* AppDelegate.swift */ = {isa = PBXFileReference; lastKnownFileType = sourcecode.swift; path = AppDelegate.swift; sourceTree = "<group>"; };
		923D59132143BB0A000F5E60 /* HomeViewController.swift */ = {isa = PBXFileReference; lastKnownFileType = sourcecode.swift; path = HomeViewController.swift; sourceTree = "<group>"; };
		923D59182143BB0B000F5E60 /* Assets.xcassets */ = {isa = PBXFileReference; lastKnownFileType = folder.assetcatalog; path = Assets.xcassets; sourceTree = "<group>"; };
		923D591D2143BB0B000F5E60 /* Info.plist */ = {isa = PBXFileReference; lastKnownFileType = text.plist.xml; path = Info.plist; sourceTree = "<group>"; };
		923D59222143BB0B000F5E60 /* Shuffle100Tests.xctest */ = {isa = PBXFileReference; explicitFileType = wrapper.cfbundle; includeInIndex = 0; path = Shuffle100Tests.xctest; sourceTree = BUILT_PRODUCTS_DIR; };
		923D59262143BB0B000F5E60 /* HomeScreenTest.swift */ = {isa = PBXFileReference; lastKnownFileType = sourcecode.swift; path = HomeScreenTest.swift; sourceTree = "<group>"; };
		923D59282143BB0B000F5E60 /* Info.plist */ = {isa = PBXFileReference; lastKnownFileType = text.plist.xml; path = Info.plist; sourceTree = "<group>"; };
		923D592D2143BB0B000F5E60 /* Shuffle100UITests.xctest */ = {isa = PBXFileReference; explicitFileType = wrapper.cfbundle; includeInIndex = 0; path = Shuffle100UITests.xctest; sourceTree = BUILT_PRODUCTS_DIR; };
		923D59332143BB0B000F5E60 /* Info.plist */ = {isa = PBXFileReference; lastKnownFileType = text.plist.xml; path = Info.plist; sourceTree = "<group>"; };
		9258D19E22D9D42D003A0EF8 /* UIButtonExtension.swift */ = {isa = PBXFileReference; lastKnownFileType = sourcecode.swift; path = UIButtonExtension.swift; sourceTree = "<group>"; };
		9258D1A222D9D624003A0EF8 /* ViewSize.swift */ = {isa = PBXFileReference; lastKnownFileType = sourcecode.swift; path = ViewSize.swift; sourceTree = "<group>"; };
		9258D1A622D9D6E3003A0EF8 /* ReciteViewButton.swift */ = {isa = PBXFileReference; lastKnownFileType = sourcecode.swift; path = ReciteViewButton.swift; sourceTree = "<group>"; };
		9258D1AA22D9D85C003A0EF8 /* ReciteViewHeaderButton.swift */ = {isa = PBXFileReference; lastKnownFileType = sourcecode.swift; path = ReciteViewHeaderButton.swift; sourceTree = "<group>"; };
		9258D1AE22D9DB0C003A0EF8 /* RecitePoemView.swift */ = {isa = PBXFileReference; lastKnownFileType = sourcecode.swift; path = RecitePoemView.swift; sourceTree = "<group>"; };
		9258D1B222D9DB58003A0EF8 /* RecitePoemView-HeaderPart.swift */ = {isa = PBXFileReference; lastKnownFileType = sourcecode.swift; path = "RecitePoemView-HeaderPart.swift"; sourceTree = "<group>"; };
		9258D1B622D9DBAB003A0EF8 /* RecitePoemView-LowerPart.swift */ = {isa = PBXFileReference; lastKnownFileType = sourcecode.swift; path = "RecitePoemView-LowerPart.swift"; sourceTree = "<group>"; };
		9258D1BA22D9DC19003A0EF8 /* RecitePoemView-PlayButtonPart.swift */ = {isa = PBXFileReference; lastKnownFileType = sourcecode.swift; path = "RecitePoemView-PlayButtonPart.swift"; sourceTree = "<group>"; };
		9258D1BE22DA0258003A0EF8 /* exit_square.png */ = {isa = PBXFileReference; lastKnownFileType = image.png; path = exit_square.png; sourceTree = "<group>"; };
		9258D1E822DAFDA6003A0EF8 /* GotoRecitePoemScreenUITest.swift */ = {isa = PBXFileReference; lastKnownFileType = sourcecode.swift; path = GotoRecitePoemScreenUITest.swift; sourceTree = "<group>"; };
		9258D1EA22DCA1C7003A0EF8 /* RecitePoemScreenDelegate.swift */ = {isa = PBXFileReference; lastKnownFileType = sourcecode.swift; path = RecitePoemScreenDelegate.swift; sourceTree = "<group>"; };
		9258FAEB21FDBF7B00E4E0B7 /* GameStartCell.swift */ = {isa = PBXFileReference; lastKnownFileType = sourcecode.swift; path = GameStartCell.swift; sourceTree = "<group>"; };
		9258FAEF21FEAB3D00E4E0B7 /* gear-520.png */ = {isa = PBXFileReference; lastKnownFileType = image.png; path = "gear-520.png"; sourceTree = "<group>"; };
		9258FAF421FEB00500E4E0B7 /* UIImageExtension.swift */ = {isa = PBXFileReference; lastKnownFileType = sourcecode.swift; path = UIImageExtension.swift; sourceTree = "<group>"; };
		9258FAF821FEE4AA00E4E0B7 /* question_white.png */ = {isa = PBXFileReference; lastKnownFileType = image.png; path = question_white.png; sourceTree = "<group>"; };
		925CEB56218ED64000876E7A /* HomeScreenTableCell.swift */ = {isa = PBXFileReference; lastKnownFileType = sourcecode.swift; path = HomeScreenTableCell.swift; sourceTree = "<group>"; };
		9262999D236586D0000EC4F7 /* UIColorExtensionTest.swift */ = {isa = PBXFileReference; lastKnownFileType = sourcecode.swift; path = UIColorExtensionTest.swift; sourceTree = "<group>"; };
		92737DD22380312F007B5FAD /* StandardColor.swift */ = {isa = PBXFileReference; lastKnownFileType = sourcecode.swift; path = StandardColor.swift; sourceTree = "<group>"; };
		92737DD72385677F007B5FAD /* RecitePoemCoordinatorTest.swift */ = {isa = PBXFileReference; lastKnownFileType = sourcecode.swift; path = RecitePoemCoordinatorTest.swift; sourceTree = "<group>"; };
		92737E3D238A9882007B5FAD /* RecitePoemScreenGameActions.swift */ = {isa = PBXFileReference; lastKnownFileType = sourcecode.swift; path = RecitePoemScreenGameActions.swift; sourceTree = "<group>"; };
		92737E43238E9EDA007B5FAD /* GoThrough100PoemsUITest.swift */ = {isa = PBXFileReference; lastKnownFileType = sourcecode.swift; path = GoThrough100PoemsUITest.swift; sourceTree = "<group>"; };
		927E4BDF222BCFF900AF48F7 /* SelectReciteModeUITest.swift */ = {isa = PBXFileReference; lastKnownFileType = sourcecode.swift; path = SelectReciteModeUITest.swift; sourceTree = "<group>"; };
		927E4BE1222D4DD100AF48F7 /* HomeScreenDefaultTest.swift */ = {isa = PBXFileReference; lastKnownFileType = sourcecode.swift; path = HomeScreenDefaultTest.swift; sourceTree = "<group>"; };
		927E4BE3222E9DD100AF48F7 /* Array+Shuffled.swift */ = {isa = PBXFileReference; fileEncoding = 4; lastKnownFileType = sourcecode.swift; path = "Array+Shuffled.swift"; sourceTree = "<group>"; };
		927E4BE4222E9DD100AF48F7 /* SelectedState100.swift */ = {isa = PBXFileReference; fileEncoding = 4; lastKnownFileType = sourcecode.swift; path = SelectedState100.swift; sourceTree = "<group>"; };
		927E4BE5222E9DD100AF48F7 /* PoemExt.swift */ = {isa = PBXFileReference; fileEncoding = 4; lastKnownFileType = sourcecode.swift; path = PoemExt.swift; sourceTree = "<group>"; };
		927E4BE6222E9DD100AF48F7 /* PoemSupplier.swift */ = {isa = PBXFileReference; fileEncoding = 4; lastKnownFileType = sourcecode.swift; path = PoemSupplier.swift; sourceTree = "<group>"; };
		927E4BE7222E9DD200AF48F7 /* Deck.swift */ = {isa = PBXFileReference; fileEncoding = 4; lastKnownFileType = sourcecode.swift; path = Deck.swift; sourceTree = "<group>"; };
		927E4BE8222E9DD200AF48F7 /* Poem.swift */ = {isa = PBXFileReference; fileEncoding = 4; lastKnownFileType = sourcecode.swift; path = Poem.swift; sourceTree = "<group>"; };
		927E4BE9222E9DD200AF48F7 /* Array+Diff.swift */ = {isa = PBXFileReference; fileEncoding = 4; lastKnownFileType = sourcecode.swift; path = "Array+Diff.swift"; sourceTree = "<group>"; };
		927E4C01222E9EC600AF48F7 /* DeckTests.swift */ = {isa = PBXFileReference; fileEncoding = 4; lastKnownFileType = sourcecode.swift; path = DeckTests.swift; sourceTree = "<group>"; };
		927E4C02222E9EC600AF48F7 /* PoemSupplierTests.swift */ = {isa = PBXFileReference; fileEncoding = 4; lastKnownFileType = sourcecode.swift; path = PoemSupplierTests.swift; sourceTree = "<group>"; };
		927E4C03222E9EC600AF48F7 /* SelectedState100Tests.swift */ = {isa = PBXFileReference; fileEncoding = 4; lastKnownFileType = sourcecode.swift; path = SelectedState100Tests.swift; sourceTree = "<group>"; };
		927E4C04222E9EC700AF48F7 /* PoemsTests.swift */ = {isa = PBXFileReference; fileEncoding = 4; lastKnownFileType = sourcecode.swift; path = PoemsTests.swift; sourceTree = "<group>"; };
		927E4C0922329F2700AF48F7 /* PoemPickerViewController.swift */ = {isa = PBXFileReference; lastKnownFileType = sourcecode.swift; path = PoemPickerViewController.swift; sourceTree = "<group>"; };
		927E4C0D22329F8000AF48F7 /* PoemPickerScreenTest.swift */ = {isa = PBXFileReference; lastKnownFileType = sourcecode.swift; path = PoemPickerScreenTest.swift; sourceTree = "<group>"; };
		928450D422E06B5D00D12CA7 /* WaitInUITest.swift */ = {isa = PBXFileReference; lastKnownFileType = sourcecode.swift; path = WaitInUITest.swift; sourceTree = "<group>"; };
		928E73B322ABE7B400FB1B7B /* RecitePoemScreenTest.swift */ = {isa = PBXFileReference; lastKnownFileType = sourcecode.swift; path = RecitePoemScreenTest.swift; sourceTree = "<group>"; };
		928E73B522ABE83C00FB1B7B /* RecitePoemViewController.swift */ = {isa = PBXFileReference; lastKnownFileType = sourcecode.swift; path = RecitePoemViewController.swift; sourceTree = "<group>"; };
		9297F62422EC7A76001E2BEB /* AudioPlayerFactoryTests.swift */ = {isa = PBXFileReference; lastKnownFileType = sourcecode.swift; path = AudioPlayerFactoryTests.swift; sourceTree = "<group>"; };
		9297F62622EC7AFA001E2BEB /* AudioPlayerFactory.swift */ = {isa = PBXFileReference; lastKnownFileType = sourcecode.swift; path = AudioPlayerFactory.swift; sourceTree = "<group>"; };
		929824952222B60C007EEC76 /* HomeScreenDataSourceFactory.swift */ = {isa = PBXFileReference; lastKnownFileType = sourcecode.swift; path = HomeScreenDataSourceFactory.swift; sourceTree = "<group>"; };
		929A615022F6EF7600435D2C /* CoordinatorProtocol.swift */ = {isa = PBXFileReference; lastKnownFileType = sourcecode.swift; path = CoordinatorProtocol.swift; sourceTree = "<group>"; };
		929A615422F6F23000435D2C /* PoemPickerCoordinator.swift */ = {isa = PBXFileReference; lastKnownFileType = sourcecode.swift; path = PoemPickerCoordinator.swift; sourceTree = "<group>"; };
		92AF24A0229E91260085B754 /* LegacyDataConverterTest.swift */ = {isa = PBXFileReference; lastKnownFileType = sourcecode.swift; path = LegacyDataConverterTest.swift; sourceTree = "<group>"; };
		92AF24A2229E92EE0085B754 /* LegacyDataConverter.swift */ = {isa = PBXFileReference; lastKnownFileType = sourcecode.swift; path = LegacyDataConverter.swift; sourceTree = "<group>"; };
		92AF24A6229EB12A0085B754 /* SavedFudaSetTest.swift */ = {isa = PBXFileReference; lastKnownFileType = sourcecode.swift; path = SavedFudaSetTest.swift; sourceTree = "<group>"; };
		92AF24A822A15FC60085B754 /* SavedFudaSet.swift */ = {isa = PBXFileReference; lastKnownFileType = sourcecode.swift; path = SavedFudaSet.swift; sourceTree = "<group>"; };
		92BCDE79226C8E1E001853DC /* MainCoordinator.swift */ = {isa = PBXFileReference; lastKnownFileType = sourcecode.swift; path = MainCoordinator.swift; sourceTree = "<group>"; };
		92C87DD222E8894900569D15 /* audio */ = {isa = PBXFileReference; lastKnownFileType = folder; path = audio; sourceTree = "<group>"; };
		92C87DD622E88D5400569D15 /* Singers.json */ = {isa = PBXFileReference; lastKnownFileType = text.json; path = Singers.json; sourceTree = "<group>"; };
		92C87DDA22E88E6900569D15 /* SingerTests.swift */ = {isa = PBXFileReference; lastKnownFileType = sourcecode.swift; path = SingerTests.swift; sourceTree = "<group>"; };
		92C87DDC22E88F8600569D15 /* Singer.swift */ = {isa = PBXFileReference; lastKnownFileType = sourcecode.swift; path = Singer.swift; sourceTree = "<group>"; };
		92CE520A2168D4D200538E01 /* HomeScreenDataSource.swift */ = {isa = PBXFileReference; lastKnownFileType = sourcecode.swift; path = HomeScreenDataSource.swift; sourceTree = "<group>"; };
		92CE5214216B5AF000538E01 /* RevealServer.framework */ = {isa = PBXFileReference; lastKnownFileType = wrapper.framework; name = RevealServer.framework; path = "Pods/Reveal-SDK/RevealServer-18/iOS/RevealServer.framework"; sourceTree = "<group>"; };
		92D5714E220EC7DB00235717 /* GameConfig.swift */ = {isa = PBXFileReference; lastKnownFileType = sourcecode.swift; name = GameConfig.swift; path = Shuffle100/models/GameConfig.swift; sourceTree = SOURCE_ROOT; };
		92D57150220EC87700235717 /* GameConfigTest.swift */ = {isa = PBXFileReference; lastKnownFileType = sourcecode.swift; path = GameConfigTest.swift; sourceTree = "<group>"; };
		92D57154220F03AF00235717 /* SelectModeViewController.swift */ = {isa = PBXFileReference; lastKnownFileType = sourcecode.swift; path = SelectModeViewController.swift; sourceTree = "<group>"; };
		92D57158220F063100235717 /* SelectModeScreenTest.swift */ = {isa = PBXFileReference; lastKnownFileType = sourcecode.swift; path = SelectModeScreenTest.swift; sourceTree = "<group>"; };
		92E6552121CE753200005F85 /* HomeScreenDelegates.swift */ = {isa = PBXFileReference; lastKnownFileType = sourcecode.swift; path = HomeScreenDelegates.swift; sourceTree = "<group>"; };
		92F5298B229AAD6500FC79E7 /* RecitingConfig.swift */ = {isa = PBXFileReference; lastKnownFileType = sourcecode.swift; path = RecitingConfig.swift; sourceTree = "<group>"; };
		92FC39412286D5DF00791053 /* UIButton+NormalColor.swift */ = {isa = PBXFileReference; lastKnownFileType = sourcecode.swift; path = "UIButton+NormalColor.swift"; sourceTree = "<group>"; };
		92FC39452286E94700791053 /* PoemPickerScreenDelegate.swift */ = {isa = PBXFileReference; lastKnownFileType = sourcecode.swift; path = PoemPickerScreenDelegate.swift; sourceTree = "<group>"; };
		92FC39492286EA8A00791053 /* PoemPickerScreenDataSource.swift */ = {isa = PBXFileReference; lastKnownFileType = sourcecode.swift; path = PoemPickerScreenDataSource.swift; sourceTree = "<group>"; };
		92FC394E2287110D00791053 /* RecitingSettings.swift */ = {isa = PBXFileReference; lastKnownFileType = sourcecode.swift; path = RecitingSettings.swift; sourceTree = "<group>"; };
		92FC39522288370D00791053 /* GameSettings.swift */ = {isa = PBXFileReference; lastKnownFileType = sourcecode.swift; path = GameSettings.swift; sourceTree = "<group>"; };
		92FC39562288389C00791053 /* SelectedStatus100.swift */ = {isa = PBXFileReference; lastKnownFileType = sourcecode.swift; path = SelectedStatus100.swift; sourceTree = "<group>"; };
		92FC39862290457E00791053 /* FudaSet.swift */ = {isa = PBXFileReference; lastKnownFileType = sourcecode.swift; path = FudaSet.swift; sourceTree = "<group>"; };
		92FC398C22917E6000791053 /* Readme.md */ = {isa = PBXFileReference; fileEncoding = 4; lastKnownFileType = net.daringfireball.markdown; path = Readme.md; sourceTree = "<group>"; };
		92FCCEDC22A51E3C002B589E /* 100.json */ = {isa = PBXFileReference; fileEncoding = 4; lastKnownFileType = text.json; path = 100.json; sourceTree = "<group>"; };
		AA2DBD7AFAE52C7C37ED7F93 /* Pods-Shuffle100Tests.debug.xcconfig */ = {isa = PBXFileReference; includeInIndex = 1; lastKnownFileType = text.xcconfig; name = "Pods-Shuffle100Tests.debug.xcconfig"; path = "Pods/Target Support Files/Pods-Shuffle100Tests/Pods-Shuffle100Tests.debug.xcconfig"; sourceTree = "<group>"; };
		C56485B4AC3096EC037F94E3 /* Pods-Shuffle100UITests.debug.xcconfig */ = {isa = PBXFileReference; includeInIndex = 1; lastKnownFileType = text.xcconfig; name = "Pods-Shuffle100UITests.debug.xcconfig"; path = "Pods/Target Support Files/Pods-Shuffle100UITests/Pods-Shuffle100UITests.debug.xcconfig"; sourceTree = "<group>"; };
		FDEFB0C29209BF24E28519C4 /* Pods-Shuffle100Tests.release.xcconfig */ = {isa = PBXFileReference; includeInIndex = 1; lastKnownFileType = text.xcconfig; name = "Pods-Shuffle100Tests.release.xcconfig"; path = "Pods/Target Support Files/Pods-Shuffle100Tests/Pods-Shuffle100Tests.release.xcconfig"; sourceTree = "<group>"; };
/* End PBXFileReference section */

/* Begin PBXFrameworksBuildPhase section */
		923D590B2143BB0A000F5E60 /* Frameworks */ = {
			isa = PBXFrameworksBuildPhase;
			buildActionMask = 2147483647;
			files = (
				8FBC19A0C5FAC73FC692B4EF /* Pods_Shuffle100.framework in Frameworks */,
			);
			runOnlyForDeploymentPostprocessing = 0;
		};
		923D591F2143BB0B000F5E60 /* Frameworks */ = {
			isa = PBXFrameworksBuildPhase;
			buildActionMask = 2147483647;
			files = (
				32AC1B1B2F028E9998F561A5 /* Pods_Shuffle100Tests.framework in Frameworks */,
			);
			runOnlyForDeploymentPostprocessing = 0;
		};
		923D592A2143BB0B000F5E60 /* Frameworks */ = {
			isa = PBXFrameworksBuildPhase;
			buildActionMask = 2147483647;
			files = (
				92CE5218216B6ABA00538E01 /* RevealServer.framework in Frameworks */,
				C798CA8281277B4A2482250B /* Pods_Shuffle100UITests.framework in Frameworks */,
			);
			runOnlyForDeploymentPostprocessing = 0;
		};
/* End PBXFrameworksBuildPhase section */

/* Begin PBXGroup section */
		4C3CD687E0E31257ACF883AB /* Frameworks */ = {
			isa = PBXGroup;
			children = (
				92CE5214216B5AF000538E01 /* RevealServer.framework */,
				3FA9011D822AA3FAB9728BC6 /* Pods_Shuffle100.framework */,
				4E8B43413E42344FA5C35633 /* Pods_Shuffle100Tests.framework */,
				79014DC54760A8C1E8326A52 /* Pods_Shuffle100UITests.framework */,
			);
			name = Frameworks;
			sourceTree = "<group>";
		};
		921737F5214E979F0059EAA4 /* lib */ = {
			isa = PBXGroup;
			children = (
				921737F6214E97C00059EAA4 /* UIColorExtention.swift */,
				9258FAF421FEB00500E4E0B7 /* UIImageExtension.swift */,
				9258D19E22D9D42D003A0EF8 /* UIButtonExtension.swift */,
				927E4BE9222E9DD200AF48F7 /* Array+Diff.swift */,
				927E4BE3222E9DD100AF48F7 /* Array+Shuffled.swift */,
			);
			name = lib;
			path = ../lib;
			sourceTree = "<group>";
		};
		923D59052143BB0A000F5E60 = {
			isa = PBXGroup;
			children = (
				92FC398C22917E6000791053 /* Readme.md */,
				923D59102143BB0A000F5E60 /* Shuffle100 */,
				923D59252143BB0B000F5E60 /* Shuffle100Tests */,
				923D59302143BB0B000F5E60 /* Shuffle100UITests */,
				923D590F2143BB0A000F5E60 /* Products */,
				EDFFE9D58434747A8AD3492F /* Pods */,
				4C3CD687E0E31257ACF883AB /* Frameworks */,
			);
			sourceTree = "<group>";
		};
		923D590F2143BB0A000F5E60 /* Products */ = {
			isa = PBXGroup;
			children = (
				923D590E2143BB0A000F5E60 /* Shuffle100.app */,
				923D59222143BB0B000F5E60 /* Shuffle100Tests.xctest */,
				923D592D2143BB0B000F5E60 /* Shuffle100UITests.xctest */,
			);
			name = Products;
			sourceTree = "<group>";
		};
		923D59102143BB0A000F5E60 /* Shuffle100 */ = {
			isa = PBXGroup;
			children = (
				929A614F22F6D84200435D2C /* audioPlayers */,
				929A614E22F6D60C00435D2C /* coordinaters */,
				921737F5214E979F0059EAA4 /* lib */,
				92D5714D220EC78C00235717 /* models */,
				92CE52052168D45D00538E01 /* dataSources */,
				92E6552021CE74E200005F85 /* delegates */,
				923D593F2143BD50000F5E60 /* screens */,
				925CEB51218ED4FF00876E7A /* views */,
				9258FAF321FEAB6C00E4E0B7 /* resources */,
				923D59112143BB0A000F5E60 /* AppDelegate.swift */,
				923D59182143BB0B000F5E60 /* Assets.xcassets */,
				923D591D2143BB0B000F5E60 /* Info.plist */,
			);
			path = Shuffle100;
			sourceTree = "<group>";
		};
		923D59252143BB0B000F5E60 /* Shuffle100Tests */ = {
			isa = PBXGroup;
			children = (
				92737DD623856754007B5FAD /* coodinators */,
				9262999C236586A3000EC4F7 /* lib */,
				927E4C00222E9E0F00AF48F7 /* screens */,
				927E4BFF222E9E0500AF48F7 /* models */,
				923D59282143BB0B000F5E60 /* Info.plist */,
			);
			path = Shuffle100Tests;
			sourceTree = "<group>";
		};
		923D59302143BB0B000F5E60 /* Shuffle100UITests */ = {
			isa = PBXGroup;
			children = (
				928450D322E06B4B00D12CA7 /* lib */,
				927E4BDE222BCF9900AF48F7 /* UITestWIthMultiScreen */,
				923D59332143BB0B000F5E60 /* Info.plist */,
				9216F5CC214E1A2400A6C250 /* HomeViewControllerUITest.swift */,
				92296230232F9D2D00D712A6 /* RecitePoemScreenUITest.swift */,
				923B594523A51C04002027B4 /* PoemPickerScreenUITest.swift */,
			);
			path = Shuffle100UITests;
			sourceTree = "<group>";
		};
		923D593F2143BD50000F5E60 /* screens */ = {
			isa = PBXGroup;
			children = (
				923D59132143BB0A000F5E60 /* HomeViewController.swift */,
				92D57154220F03AF00235717 /* SelectModeViewController.swift */,
				927E4C0922329F2700AF48F7 /* PoemPickerViewController.swift */,
				928E73B522ABE83C00FB1B7B /* RecitePoemViewController.swift */,
				92737E3D238A9882007B5FAD /* RecitePoemScreenGameActions.swift */,
			);
			path = screens;
			sourceTree = "<group>";
		};
		9258FAF321FEAB6C00E4E0B7 /* resources */ = {
			isa = PBXGroup;
			children = (
				92C87DD222E8894900569D15 /* audio */,
				92FCCEDC22A51E3C002B589E /* 100.json */,
				9258FAF821FEE4AA00E4E0B7 /* question_white.png */,
				9258FAEF21FEAB3D00E4E0B7 /* gear-520.png */,
				9258D1BE22DA0258003A0EF8 /* exit_square.png */,
				92C87DD622E88D5400569D15 /* Singers.json */,
			);
			path = resources;
			sourceTree = "<group>";
		};
		925CEB51218ED4FF00876E7A /* views */ = {
			isa = PBXGroup;
			children = (
				925CEB56218ED64000876E7A /* HomeScreenTableCell.swift */,
				9258FAEB21FDBF7B00E4E0B7 /* GameStartCell.swift */,
				92FC39412286D5DF00791053 /* UIButton+NormalColor.swift */,
				9258D1A222D9D624003A0EF8 /* ViewSize.swift */,
				9258D1A622D9D6E3003A0EF8 /* ReciteViewButton.swift */,
				9258D1AA22D9D85C003A0EF8 /* ReciteViewHeaderButton.swift */,
				9258D1AE22D9DB0C003A0EF8 /* RecitePoemView.swift */,
				9258D1B222D9DB58003A0EF8 /* RecitePoemView-HeaderPart.swift */,
				9258D1B622D9DBAB003A0EF8 /* RecitePoemView-LowerPart.swift */,
				9258D1BA22D9DC19003A0EF8 /* RecitePoemView-PlayButtonPart.swift */,
				92158F78232518CD003C1D86 /* ReciteViewPlayButton.swift */,
			);
			path = views;
			sourceTree = "<group>";
		};
		9262999C236586A3000EC4F7 /* lib */ = {
			isa = PBXGroup;
			children = (
				9262999D236586D0000EC4F7 /* UIColorExtensionTest.swift */,
			);
			path = lib;
			sourceTree = "<group>";
		};
		92737DD623856754007B5FAD /* coodinators */ = {
			isa = PBXGroup;
			children = (
				92737DD72385677F007B5FAD /* RecitePoemCoordinatorTest.swift */,
			);
			path = coodinators;
			sourceTree = "<group>";
		};
		927E4BDE222BCF9900AF48F7 /* UITestWIthMultiScreen */ = {
			isa = PBXGroup;
			children = (
				927E4BDF222BCFF900AF48F7 /* SelectReciteModeUITest.swift */,
				921746262280313700C3203A /* PoemPickerIntegrationUITest.swift */,
				9258D1E822DAFDA6003A0EF8 /* GotoRecitePoemScreenUITest.swift */,
				92737E43238E9EDA007B5FAD /* GoThrough100PoemsUITest.swift */,
			);
			path = UITestWIthMultiScreen;
			sourceTree = "<group>";
		};
		927E4BFF222E9E0500AF48F7 /* models */ = {
			isa = PBXGroup;
			children = (
				927E4C01222E9EC600AF48F7 /* DeckTests.swift */,
				927E4C04222E9EC700AF48F7 /* PoemsTests.swift */,
				927E4C02222E9EC600AF48F7 /* PoemSupplierTests.swift */,
				927E4C03222E9EC600AF48F7 /* SelectedState100Tests.swift */,
				92D57150220EC87700235717 /* GameConfigTest.swift */,
				9207BAFB2298182000816DC8 /* Bool100Test.swift */,
				9207BB3522996CF200816DC8 /* RecitingConfigTest.swift */,
				92AF24A0229E91260085B754 /* LegacyDataConverterTest.swift */,
				92AF24A6229EB12A0085B754 /* SavedFudaSetTest.swift */,
				92C87DDA22E88E6900569D15 /* SingerTests.swift */,
				9297F62422EC7A76001E2BEB /* AudioPlayerFactoryTests.swift */,
			);
			path = models;
			sourceTree = "<group>";
		};
		927E4C00222E9E0F00AF48F7 /* screens */ = {
			isa = PBXGroup;
			children = (
				923D59262143BB0B000F5E60 /* HomeScreenTest.swift */,
				92D57158220F063100235717 /* SelectModeScreenTest.swift */,
				927E4BE1222D4DD100AF48F7 /* HomeScreenDefaultTest.swift */,
				927E4C0D22329F8000AF48F7 /* PoemPickerScreenTest.swift */,
				928E73B322ABE7B400FB1B7B /* RecitePoemScreenTest.swift */,
			);
			path = screens;
			sourceTree = "<group>";
		};
		928450D322E06B4B00D12CA7 /* lib */ = {
			isa = PBXGroup;
			children = (
				928450D422E06B5D00D12CA7 /* WaitInUITest.swift */,
			);
			path = lib;
			sourceTree = "<group>";
		};
		929A614E22F6D60C00435D2C /* coordinaters */ = {
			isa = PBXGroup;
			children = (
				92BCDE79226C8E1E001853DC /* MainCoordinator.swift */,
				929A615022F6EF7600435D2C /* CoordinatorProtocol.swift */,
				929A615422F6F23000435D2C /* PoemPickerCoordinator.swift */,
				9208DF0F22FAF9DD00A3F22C /* SelectModeCoordinator.swift */,
				9208DF1322FAFD2300A3F22C /* RecitePoemCoordinator.swift */,
			);
			path = coordinaters;
			sourceTree = "<group>";
		};
		929A614F22F6D84200435D2C /* audioPlayers */ = {
			isa = PBXGroup;
			children = (
				9297F62622EC7AFA001E2BEB /* AudioPlayerFactory.swift */,
			);
			path = audioPlayers;
			sourceTree = "<group>";
		};
		92CE52052168D45D00538E01 /* dataSources */ = {
			isa = PBXGroup;
			children = (
				92CE520A2168D4D200538E01 /* HomeScreenDataSource.swift */,
				929824952222B60C007EEC76 /* HomeScreenDataSourceFactory.swift */,
				92FC39492286EA8A00791053 /* PoemPickerScreenDataSource.swift */,
				9206CEE022E1FEE500AC0457 /* PoemPickerScreenSearch.swift */,
			);
			path = dataSources;
			sourceTree = "<group>";
		};
		92D5714D220EC78C00235717 /* models */ = {
			isa = PBXGroup;
			children = (
				92FC394D228710D100791053 /* legacySettings */,
				927E4BE7222E9DD200AF48F7 /* Deck.swift */,
				927E4BE8222E9DD200AF48F7 /* Poem.swift */,
				927E4BE5222E9DD100AF48F7 /* PoemExt.swift */,
				927E4BE6222E9DD100AF48F7 /* PoemSupplier.swift */,
				927E4BE4222E9DD100AF48F7 /* SelectedState100.swift */,
				92D5714E220EC7DB00235717 /* GameConfig.swift */,
				9207BAF3229579D600816DC8 /* Bool100.swift */,
				9207BB3122996B7300816DC8 /* Settings.swift */,
				92F5298B229AAD6500FC79E7 /* RecitingConfig.swift */,
				92AF24A822A15FC60085B754 /* SavedFudaSet.swift */,
				92C87DDC22E88F8600569D15 /* Singer.swift */,
				92737DD22380312F007B5FAD /* StandardColor.swift */,
			);
			path = models;
			sourceTree = "<group>";
		};
		92E6552021CE74E200005F85 /* delegates */ = {
			isa = PBXGroup;
			children = (
				92E6552121CE753200005F85 /* HomeScreenDelegates.swift */,
				92FC39452286E94700791053 /* PoemPickerScreenDelegate.swift */,
				9258D1EA22DCA1C7003A0EF8 /* RecitePoemScreenDelegate.swift */,
			);
			path = delegates;
			sourceTree = "<group>";
		};
		92FC394D228710D100791053 /* legacySettings */ = {
			isa = PBXGroup;
			children = (
				92FC394E2287110D00791053 /* RecitingSettings.swift */,
				92FC39522288370D00791053 /* GameSettings.swift */,
				92FC39562288389C00791053 /* SelectedStatus100.swift */,
				92FC39862290457E00791053 /* FudaSet.swift */,
				92AF24A2229E92EE0085B754 /* LegacyDataConverter.swift */,
			);
			path = legacySettings;
			sourceTree = "<group>";
		};
		EDFFE9D58434747A8AD3492F /* Pods */ = {
			isa = PBXGroup;
			children = (
				7D34C7337C6CD8391DD59CE8 /* Pods-Shuffle100.debug.xcconfig */,
				27FD6DA6CE5138B115160EE7 /* Pods-Shuffle100.release.xcconfig */,
				AA2DBD7AFAE52C7C37ED7F93 /* Pods-Shuffle100Tests.debug.xcconfig */,
				FDEFB0C29209BF24E28519C4 /* Pods-Shuffle100Tests.release.xcconfig */,
				C56485B4AC3096EC037F94E3 /* Pods-Shuffle100UITests.debug.xcconfig */,
				09770476FEA00C752FDABFBB /* Pods-Shuffle100UITests.release.xcconfig */,
			);
			name = Pods;
			sourceTree = "<group>";
		};
/* End PBXGroup section */

/* Begin PBXNativeTarget section */
		923D590D2143BB0A000F5E60 /* Shuffle100 */ = {
			isa = PBXNativeTarget;
			buildConfigurationList = 923D59362143BB0B000F5E60 /* Build configuration list for PBXNativeTarget "Shuffle100" */;
			buildPhases = (
				22EAC5839B794BD057C033D9 /* [CP] Check Pods Manifest.lock */,
				923D590A2143BB0A000F5E60 /* Sources */,
				923D590B2143BB0A000F5E60 /* Frameworks */,
				923D590C2143BB0A000F5E60 /* Resources */,
				4999C89CA781E41D1B994C02 /* [CP] Embed Pods Frameworks */,
			);
			buildRules = (
			);
			dependencies = (
			);
			name = Shuffle100;
			productName = Shuffle100;
			productReference = 923D590E2143BB0A000F5E60 /* Shuffle100.app */;
			productType = "com.apple.product-type.application";
		};
		923D59212143BB0B000F5E60 /* Shuffle100Tests */ = {
			isa = PBXNativeTarget;
			buildConfigurationList = 923D59392143BB0B000F5E60 /* Build configuration list for PBXNativeTarget "Shuffle100Tests" */;
			buildPhases = (
				D69B3E7E0C73291AE408A539 /* [CP] Check Pods Manifest.lock */,
				923D591E2143BB0B000F5E60 /* Sources */,
				923D591F2143BB0B000F5E60 /* Frameworks */,
				923D59202143BB0B000F5E60 /* Resources */,
			);
			buildRules = (
			);
			dependencies = (
				923D59242143BB0B000F5E60 /* PBXTargetDependency */,
			);
			name = Shuffle100Tests;
			productName = Shuffle100Tests;
			productReference = 923D59222143BB0B000F5E60 /* Shuffle100Tests.xctest */;
			productType = "com.apple.product-type.bundle.unit-test";
		};
		923D592C2143BB0B000F5E60 /* Shuffle100UITests */ = {
			isa = PBXNativeTarget;
			buildConfigurationList = 923D593C2143BB0B000F5E60 /* Build configuration list for PBXNativeTarget "Shuffle100UITests" */;
			buildPhases = (
				46CF85601A02101031EC1DF8 /* [CP] Check Pods Manifest.lock */,
				923D59292143BB0B000F5E60 /* Sources */,
				923D592A2143BB0B000F5E60 /* Frameworks */,
				923D592B2143BB0B000F5E60 /* Resources */,
			);
			buildRules = (
			);
			dependencies = (
				923D592F2143BB0B000F5E60 /* PBXTargetDependency */,
			);
			name = Shuffle100UITests;
			productName = Shuffle100UITests;
			productReference = 923D592D2143BB0B000F5E60 /* Shuffle100UITests.xctest */;
			productType = "com.apple.product-type.bundle.ui-testing";
		};
/* End PBXNativeTarget section */

/* Begin PBXProject section */
		923D59062143BB0A000F5E60 /* Project object */ = {
			isa = PBXProject;
			attributes = {
				LastSwiftUpdateCheck = 0940;
				LastUpgradeCheck = 0940;
				ORGANIZATIONNAME = "里 佳史";
				TargetAttributes = {
					923D590D2143BB0A000F5E60 = {
						CreatedOnToolsVersion = 9.4.1;
						LastSwiftMigration = 1020;
					};
					923D59212143BB0B000F5E60 = {
						CreatedOnToolsVersion = 9.4.1;
						LastSwiftMigration = 1020;
						TestTargetID = 923D590D2143BB0A000F5E60;
					};
					923D592C2143BB0B000F5E60 = {
						CreatedOnToolsVersion = 9.4.1;
						LastSwiftMigration = 1020;
						TestTargetID = 923D590D2143BB0A000F5E60;
					};
				};
			};
			buildConfigurationList = 923D59092143BB0A000F5E60 /* Build configuration list for PBXProject "Shuffle100" */;
			compatibilityVersion = "Xcode 9.3";
			developmentRegion = en;
			hasScannedForEncodings = 0;
			knownRegions = (
				en,
				Base,
			);
			mainGroup = 923D59052143BB0A000F5E60;
			productRefGroup = 923D590F2143BB0A000F5E60 /* Products */;
			projectDirPath = "";
			projectRoot = "";
			targets = (
				923D590D2143BB0A000F5E60 /* Shuffle100 */,
				923D59212143BB0B000F5E60 /* Shuffle100Tests */,
				923D592C2143BB0B000F5E60 /* Shuffle100UITests */,
			);
		};
/* End PBXProject section */

/* Begin PBXResourcesBuildPhase section */
		923D590C2143BB0A000F5E60 /* Resources */ = {
			isa = PBXResourcesBuildPhase;
			buildActionMask = 2147483647;
			files = (
				9258D1BF22DA0258003A0EF8 /* exit_square.png in Resources */,
				9258FAF921FEE4AA00E4E0B7 /* question_white.png in Resources */,
				92C87DD322E8894900569D15 /* audio in Resources */,
				9258FAF021FEAB3D00E4E0B7 /* gear-520.png in Resources */,
				92FC398D22917E6000791053 /* Readme.md in Resources */,
				923D59192143BB0B000F5E60 /* Assets.xcassets in Resources */,
				92FCCEDD22A51E3C002B589E /* 100.json in Resources */,
				92C87DD722E88D5400569D15 /* Singers.json in Resources */,
			);
			runOnlyForDeploymentPostprocessing = 0;
		};
		923D59202143BB0B000F5E60 /* Resources */ = {
			isa = PBXResourcesBuildPhase;
			buildActionMask = 2147483647;
			files = (
				9258D1C022DA0258003A0EF8 /* exit_square.png in Resources */,
				9258FAF121FEAB3D00E4E0B7 /* gear-520.png in Resources */,
				92C87DD822E88D5400569D15 /* Singers.json in Resources */,
				92FCCEDE22A51E3C002B589E /* 100.json in Resources */,
				92C87DD422E8894900569D15 /* audio in Resources */,
			);
			runOnlyForDeploymentPostprocessing = 0;
		};
		923D592B2143BB0B000F5E60 /* Resources */ = {
			isa = PBXResourcesBuildPhase;
			buildActionMask = 2147483647;
			files = (
				9258D1C122DA0258003A0EF8 /* exit_square.png in Resources */,
				9258FAF221FEAB3D00E4E0B7 /* gear-520.png in Resources */,
				92C87DD922E88D5400569D15 /* Singers.json in Resources */,
				92FCCEDF22A51E3C002B589E /* 100.json in Resources */,
				92C87DD522E8894900569D15 /* audio in Resources */,
			);
			runOnlyForDeploymentPostprocessing = 0;
		};
/* End PBXResourcesBuildPhase section */

/* Begin PBXShellScriptBuildPhase section */
		22EAC5839B794BD057C033D9 /* [CP] Check Pods Manifest.lock */ = {
			isa = PBXShellScriptBuildPhase;
			buildActionMask = 2147483647;
			files = (
			);
			inputPaths = (
				"${PODS_PODFILE_DIR_PATH}/Podfile.lock",
				"${PODS_ROOT}/Manifest.lock",
			);
			name = "[CP] Check Pods Manifest.lock";
			outputPaths = (
				"$(DERIVED_FILE_DIR)/Pods-Shuffle100-checkManifestLockResult.txt",
			);
			runOnlyForDeploymentPostprocessing = 0;
			shellPath = /bin/sh;
			shellScript = "diff \"${PODS_PODFILE_DIR_PATH}/Podfile.lock\" \"${PODS_ROOT}/Manifest.lock\" > /dev/null\nif [ $? != 0 ] ; then\n    # print error to STDERR\n    echo \"error: The sandbox is not in sync with the Podfile.lock. Run 'pod install' or update your CocoaPods installation.\" >&2\n    exit 1\nfi\n# This output is used by Xcode 'outputs' to avoid re-running this script phase.\necho \"SUCCESS\" > \"${SCRIPT_OUTPUT_FILE_0}\"\n";
			showEnvVarsInLog = 0;
		};
		46CF85601A02101031EC1DF8 /* [CP] Check Pods Manifest.lock */ = {
			isa = PBXShellScriptBuildPhase;
			buildActionMask = 2147483647;
			files = (
			);
			inputPaths = (
				"${PODS_PODFILE_DIR_PATH}/Podfile.lock",
				"${PODS_ROOT}/Manifest.lock",
			);
			name = "[CP] Check Pods Manifest.lock";
			outputPaths = (
				"$(DERIVED_FILE_DIR)/Pods-Shuffle100UITests-checkManifestLockResult.txt",
			);
			runOnlyForDeploymentPostprocessing = 0;
			shellPath = /bin/sh;
			shellScript = "diff \"${PODS_PODFILE_DIR_PATH}/Podfile.lock\" \"${PODS_ROOT}/Manifest.lock\" > /dev/null\nif [ $? != 0 ] ; then\n    # print error to STDERR\n    echo \"error: The sandbox is not in sync with the Podfile.lock. Run 'pod install' or update your CocoaPods installation.\" >&2\n    exit 1\nfi\n# This output is used by Xcode 'outputs' to avoid re-running this script phase.\necho \"SUCCESS\" > \"${SCRIPT_OUTPUT_FILE_0}\"\n";
			showEnvVarsInLog = 0;
		};
		4999C89CA781E41D1B994C02 /* [CP] Embed Pods Frameworks */ = {
			isa = PBXShellScriptBuildPhase;
			buildActionMask = 2147483647;
			files = (
			);
			inputFileListPaths = (
			);
			name = "[CP] Embed Pods Frameworks";
			outputFileListPaths = (
			);
			runOnlyForDeploymentPostprocessing = 0;
			shellPath = /bin/sh;
			shellScript = "\"${PODS_ROOT}/Target Support Files/Pods-Shuffle100/Pods-Shuffle100-frameworks.sh\"\n";
			showEnvVarsInLog = 0;
		};
		D69B3E7E0C73291AE408A539 /* [CP] Check Pods Manifest.lock */ = {
			isa = PBXShellScriptBuildPhase;
			buildActionMask = 2147483647;
			files = (
			);
			inputPaths = (
				"${PODS_PODFILE_DIR_PATH}/Podfile.lock",
				"${PODS_ROOT}/Manifest.lock",
			);
			name = "[CP] Check Pods Manifest.lock";
			outputPaths = (
				"$(DERIVED_FILE_DIR)/Pods-Shuffle100Tests-checkManifestLockResult.txt",
			);
			runOnlyForDeploymentPostprocessing = 0;
			shellPath = /bin/sh;
			shellScript = "diff \"${PODS_PODFILE_DIR_PATH}/Podfile.lock\" \"${PODS_ROOT}/Manifest.lock\" > /dev/null\nif [ $? != 0 ] ; then\n    # print error to STDERR\n    echo \"error: The sandbox is not in sync with the Podfile.lock. Run 'pod install' or update your CocoaPods installation.\" >&2\n    exit 1\nfi\n# This output is used by Xcode 'outputs' to avoid re-running this script phase.\necho \"SUCCESS\" > \"${SCRIPT_OUTPUT_FILE_0}\"\n";
			showEnvVarsInLog = 0;
		};
/* End PBXShellScriptBuildPhase section */

/* Begin PBXSourcesBuildPhase section */
		923D590A2143BB0A000F5E60 /* Sources */ = {
			isa = PBXSourcesBuildPhase;
			buildActionMask = 2147483647;
			files = (
				9207BB3222996B7300816DC8 /* Settings.swift in Sources */,
				92FC39532288370D00791053 /* GameSettings.swift in Sources */,
				9207BAF4229579D600816DC8 /* Bool100.swift in Sources */,
				92CE520B2168D4D200538E01 /* HomeScreenDataSource.swift in Sources */,
				92FC39462286E94700791053 /* PoemPickerScreenDelegate.swift in Sources */,
				92AF24A922A15FC60085B754 /* SavedFudaSet.swift in Sources */,
				92737DD32380312F007B5FAD /* StandardColor.swift in Sources */,
				92E6552221CE753200005F85 /* HomeScreenDelegates.swift in Sources */,
				9258D19F22D9D42D003A0EF8 /* UIButtonExtension.swift in Sources */,
				92D5714F220EC7DB00235717 /* GameConfig.swift in Sources */,
				927E4C0A22329F2700AF48F7 /* PoemPickerViewController.swift in Sources */,
				925CEB57218ED64000876E7A /* HomeScreenTableCell.swift in Sources */,
				92737E3E238A9882007B5FAD /* RecitePoemScreenGameActions.swift in Sources */,
				92BCDE7A226C8E1E001853DC /* MainCoordinator.swift in Sources */,
				9258D1AB22D9D85C003A0EF8 /* ReciteViewHeaderButton.swift in Sources */,
				9258D1AF22D9DB0C003A0EF8 /* RecitePoemView.swift in Sources */,
				92158F79232518CD003C1D86 /* ReciteViewPlayButton.swift in Sources */,
				923D59142143BB0A000F5E60 /* HomeViewController.swift in Sources */,
				927E4BED222E9DD200AF48F7 /* SelectedState100.swift in Sources */,
				929824962222B60C007EEC76 /* HomeScreenDataSourceFactory.swift in Sources */,
				92D57155220F03AF00235717 /* SelectModeViewController.swift in Sources */,
				929A615522F6F23000435D2C /* PoemPickerCoordinator.swift in Sources */,
				927E4BF3222E9DD200AF48F7 /* PoemSupplier.swift in Sources */,
				923D59122143BB0A000F5E60 /* AppDelegate.swift in Sources */,
				92FC39572288389C00791053 /* SelectedStatus100.swift in Sources */,
				92FC394F2287110D00791053 /* RecitingSettings.swift in Sources */,
				9258FAEC21FDBF7B00E4E0B7 /* GameStartCell.swift in Sources */,
				9258D1B322D9DB58003A0EF8 /* RecitePoemView-HeaderPart.swift in Sources */,
				927E4BF9222E9DD200AF48F7 /* Poem.swift in Sources */,
				92FC39422286D5DF00791053 /* UIButton+NormalColor.swift in Sources */,
				921737F7214E97C00059EAA4 /* UIColorExtention.swift in Sources */,
				92C87DDD22E88F8600569D15 /* Singer.swift in Sources */,
				927E4BF6222E9DD200AF48F7 /* Deck.swift in Sources */,
				929A615122F6EF7600435D2C /* CoordinatorProtocol.swift in Sources */,
				9297F62722EC7AFA001E2BEB /* AudioPlayerFactory.swift in Sources */,
				927E4BEA222E9DD200AF48F7 /* Array+Shuffled.swift in Sources */,
				9258D1BB22D9DC19003A0EF8 /* RecitePoemView-PlayButtonPart.swift in Sources */,
				92AF24A3229E92EE0085B754 /* LegacyDataConverter.swift in Sources */,
				927E4BF0222E9DD200AF48F7 /* PoemExt.swift in Sources */,
				92F5298C229AAD6500FC79E7 /* RecitingConfig.swift in Sources */,
				9208DF1022FAF9DD00A3F22C /* SelectModeCoordinator.swift in Sources */,
				927E4BFC222E9DD200AF48F7 /* Array+Diff.swift in Sources */,
				9258D1A322D9D624003A0EF8 /* ViewSize.swift in Sources */,
				928E73B622ABE83C00FB1B7B /* RecitePoemViewController.swift in Sources */,
				9258D1A722D9D6E3003A0EF8 /* ReciteViewButton.swift in Sources */,
				9206CEE122E1FEE500AC0457 /* PoemPickerScreenSearch.swift in Sources */,
				9258D1EB22DCA1C8003A0EF8 /* RecitePoemScreenDelegate.swift in Sources */,
				92FC394A2286EA8A00791053 /* PoemPickerScreenDataSource.swift in Sources */,
				9258FAF521FEB00500E4E0B7 /* UIImageExtension.swift in Sources */,
				9258D1B722D9DBAB003A0EF8 /* RecitePoemView-LowerPart.swift in Sources */,
				92FC39872290457E00791053 /* FudaSet.swift in Sources */,
				9208DF1422FAFD2300A3F22C /* RecitePoemCoordinator.swift in Sources */,
			);
			runOnlyForDeploymentPostprocessing = 0;
		};
		923D591E2143BB0B000F5E60 /* Sources */ = {
			isa = PBXSourcesBuildPhase;
			buildActionMask = 2147483647;
			files = (
				9258D1A822D9D6E3003A0EF8 /* ReciteViewButton.swift in Sources */,
				92C87DDE22E88F8600569D15 /* Singer.swift in Sources */,
				927E4C0E22329F8000AF48F7 /* PoemPickerScreenTest.swift in Sources */,
				92E6552321CE753200005F85 /* HomeScreenDelegates.swift in Sources */,
				92158F7A232518CD003C1D86 /* ReciteViewPlayButton.swift in Sources */,
				92737DD42380312F007B5FAD /* StandardColor.swift in Sources */,
				92CE520C2168D4D200538E01 /* HomeScreenDataSource.swift in Sources */,
				92737DD82385677F007B5FAD /* RecitePoemCoordinatorTest.swift in Sources */,
				92737E3F238A9882007B5FAD /* RecitePoemScreenGameActions.swift in Sources */,
				927E4C08222E9EC700AF48F7 /* PoemsTests.swift in Sources */,
				927E4BF4222E9DD200AF48F7 /* PoemSupplier.swift in Sources */,
				92F5298D229AAD6500FC79E7 /* RecitingConfig.swift in Sources */,
				92C87DDB22E88E6900569D15 /* SingerTests.swift in Sources */,
				92FC39502287110D00791053 /* RecitingSettings.swift in Sources */,
				92FC394B2286EA8A00791053 /* PoemPickerScreenDataSource.swift in Sources */,
				92AF24A7229EB12A0085B754 /* SavedFudaSetTest.swift in Sources */,
				92AF24AA22A15FC60085B754 /* SavedFudaSet.swift in Sources */,
				92D57152220ECBC000235717 /* GameConfig.swift in Sources */,
				929A615222F6EF7600435D2C /* CoordinatorProtocol.swift in Sources */,
				9297F62822EC7AFA001E2BEB /* AudioPlayerFactory.swift in Sources */,
				9208DF1122FAF9DD00A3F22C /* SelectModeCoordinator.swift in Sources */,
				927E4C0B22329F2700AF48F7 /* PoemPickerViewController.swift in Sources */,
				92D57159220F063100235717 /* SelectModeScreenTest.swift in Sources */,
				928E73B722ABE83C00FB1B7B /* RecitePoemViewController.swift in Sources */,
				929824972222B60C007EEC76 /* HomeScreenDataSourceFactory.swift in Sources */,
				928E73B422ABE7B400FB1B7B /* RecitePoemScreenTest.swift in Sources */,
				92FC39472286E94700791053 /* PoemPickerScreenDelegate.swift in Sources */,
				92BCDE7B226C8E1E001853DC /* MainCoordinator.swift in Sources */,
				9258FAF621FEB00500E4E0B7 /* UIImageExtension.swift in Sources */,
				9258D1EC22DCA1C8003A0EF8 /* RecitePoemScreenDelegate.swift in Sources */,
				92FC39582288389C00791053 /* SelectedStatus100.swift in Sources */,
				9258FAED21FDBF7B00E4E0B7 /* GameStartCell.swift in Sources */,
				9262999E236586D0000EC4F7 /* UIColorExtensionTest.swift in Sources */,
				927E4C05222E9EC700AF48F7 /* DeckTests.swift in Sources */,
				9297F62522EC7A76001E2BEB /* AudioPlayerFactoryTests.swift in Sources */,
				9258D1B422D9DB58003A0EF8 /* RecitePoemView-HeaderPart.swift in Sources */,
				927E4BEB222E9DD200AF48F7 /* Array+Shuffled.swift in Sources */,
				92AF24A4229E92EE0085B754 /* LegacyDataConverter.swift in Sources */,
				9207BB3322996B7300816DC8 /* Settings.swift in Sources */,
				92D57156220F03AF00235717 /* SelectModeViewController.swift in Sources */,
				9258D1A022D9D42D003A0EF8 /* UIButtonExtension.swift in Sources */,
				92FC39882290457E00791053 /* FudaSet.swift in Sources */,
				9258D1AC22D9D85C003A0EF8 /* ReciteViewHeaderButton.swift in Sources */,
				927E4BFA222E9DD200AF48F7 /* Poem.swift in Sources */,
				9208DF1522FAFD2300A3F22C /* RecitePoemCoordinator.swift in Sources */,
				927E4C07222E9EC700AF48F7 /* SelectedState100Tests.swift in Sources */,
				92AF24A1229E91260085B754 /* LegacyDataConverterTest.swift in Sources */,
				92D57151220EC87700235717 /* GameConfigTest.swift in Sources */,
				92FC39432286D5DF00791053 /* UIButton+NormalColor.swift in Sources */,
				9206CEE222E1FEE500AC0457 /* PoemPickerScreenSearch.swift in Sources */,
				927E4BF7222E9DD200AF48F7 /* Deck.swift in Sources */,
				927E4BFD222E9DD200AF48F7 /* Array+Diff.swift in Sources */,
				9207BAFC2298182000816DC8 /* Bool100Test.swift in Sources */,
				92D5715A221014A300235717 /* UIColorExtention.swift in Sources */,
				9258D1A422D9D624003A0EF8 /* ViewSize.swift in Sources */,
				927E4BE2222D4DD100AF48F7 /* HomeScreenDefaultTest.swift in Sources */,
				927E4BF1222E9DD200AF48F7 /* PoemExt.swift in Sources */,
				9207BAF5229579D600816DC8 /* Bool100.swift in Sources */,
				927E4BEE222E9DD200AF48F7 /* SelectedState100.swift in Sources */,
				9258D1B822D9DBAB003A0EF8 /* RecitePoemView-LowerPart.swift in Sources */,
				929A615622F6F23000435D2C /* PoemPickerCoordinator.swift in Sources */,
				927E4C06222E9EC700AF48F7 /* PoemSupplierTests.swift in Sources */,
				925CEB58218ED64000876E7A /* HomeScreenTableCell.swift in Sources */,
				923D59272143BB0B000F5E60 /* HomeScreenTest.swift in Sources */,
				92FC39542288370D00791053 /* GameSettings.swift in Sources */,
				9207BB3622996CF200816DC8 /* RecitingConfigTest.swift in Sources */,
				925CEB4F218DB21900876E7A /* HomeViewController.swift in Sources */,
				9258D1BC22D9DC19003A0EF8 /* RecitePoemView-PlayButtonPart.swift in Sources */,
				9258D1B022D9DB0C003A0EF8 /* RecitePoemView.swift in Sources */,
			);
			runOnlyForDeploymentPostprocessing = 0;
		};
		923D59292143BB0B000F5E60 /* Sources */ = {
			isa = PBXSourcesBuildPhase;
			buildActionMask = 2147483647;
			files = (
				927E4BF8222E9DD200AF48F7 /* Deck.swift in Sources */,
				927E4C0C22329F2700AF48F7 /* PoemPickerViewController.swift in Sources */,
				92FC39892290457E00791053 /* FudaSet.swift in Sources */,
				9258D1A922D9D6E3003A0EF8 /* ReciteViewButton.swift in Sources */,
				9258D1B122D9DB0C003A0EF8 /* RecitePoemView.swift in Sources */,
				929824982222B60C007EEC76 /* HomeScreenDataSourceFactory.swift in Sources */,
				9207BAF6229579D600816DC8 /* Bool100.swift in Sources */,
				9208DF1622FAFD2300A3F22C /* RecitePoemCoordinator.swift in Sources */,
				92737E40238A9882007B5FAD /* RecitePoemScreenGameActions.swift in Sources */,
				9297F62922EC7AFA001E2BEB /* AudioPlayerFactory.swift in Sources */,
				927E4BEF222E9DD200AF48F7 /* SelectedState100.swift in Sources */,
				9258D1AD22D9D85C003A0EF8 /* ReciteViewHeaderButton.swift in Sources */,
				92737E44238E9EDA007B5FAD /* GoThrough100PoemsUITest.swift in Sources */,
				92FC39552288370D00791053 /* GameSettings.swift in Sources */,
				92D57153220ECBEA00235717 /* GameConfig.swift in Sources */,
				9207BB3422996B7300816DC8 /* Settings.swift in Sources */,
				9258D1A522D9D624003A0EF8 /* ViewSize.swift in Sources */,
				92BCDE7C226C8E1E001853DC /* MainCoordinator.swift in Sources */,
				92158F7B232518CD003C1D86 /* ReciteViewPlayButton.swift in Sources */,
				92F5298E229AAD6500FC79E7 /* RecitingConfig.swift in Sources */,
				92E6552421CE753200005F85 /* HomeScreenDelegates.swift in Sources */,
				927E4BE0222BCFF900AF48F7 /* SelectReciteModeUITest.swift in Sources */,
				9258D1B922D9DBAB003A0EF8 /* RecitePoemView-LowerPart.swift in Sources */,
				92FC39512287110D00791053 /* RecitingSettings.swift in Sources */,
				92737DD52380312F007B5FAD /* StandardColor.swift in Sources */,
				927E4BEC222E9DD200AF48F7 /* Array+Shuffled.swift in Sources */,
				92D5715B221014A400235717 /* UIColorExtention.swift in Sources */,
				9258D1ED22DCA1C8003A0EF8 /* RecitePoemScreenDelegate.swift in Sources */,
				92CE520D2168D4D200538E01 /* HomeScreenDataSource.swift in Sources */,
				929A615722F6F23000435D2C /* PoemPickerCoordinator.swift in Sources */,
				92FC39442286D5DF00791053 /* UIButton+NormalColor.swift in Sources */,
				929A615322F6EF7600435D2C /* CoordinatorProtocol.swift in Sources */,
				928E73B822ABE83C00FB1B7B /* RecitePoemViewController.swift in Sources */,
				92D57157220F03AF00235717 /* SelectModeViewController.swift in Sources */,
				9258D1A122D9D42D003A0EF8 /* UIButtonExtension.swift in Sources */,
				9258D1B522D9DB58003A0EF8 /* RecitePoemView-HeaderPart.swift in Sources */,
				9258D1E922DAFDA6003A0EF8 /* GotoRecitePoemScreenUITest.swift in Sources */,
				9258FAF721FEB00500E4E0B7 /* UIImageExtension.swift in Sources */,
				927E4BF2222E9DD200AF48F7 /* PoemExt.swift in Sources */,
				92C87DDF22E88F8600569D15 /* Singer.swift in Sources */,
				927E4BF5222E9DD200AF48F7 /* PoemSupplier.swift in Sources */,
				92FC39482286E94700791053 /* PoemPickerScreenDelegate.swift in Sources */,
				92AF24AB22A15FC60085B754 /* SavedFudaSet.swift in Sources */,
				9258D1BD22D9DC19003A0EF8 /* RecitePoemView-PlayButtonPart.swift in Sources */,
				9206CEE322E1FEE500AC0457 /* PoemPickerScreenSearch.swift in Sources */,
				928450D522E06B5D00D12CA7 /* WaitInUITest.swift in Sources */,
				927E4BFE222E9DD200AF48F7 /* Array+Diff.swift in Sources */,
				92AF24A5229E92EE0085B754 /* LegacyDataConverter.swift in Sources */,
				927E4BFB222E9DD200AF48F7 /* Poem.swift in Sources */,
				9258FAEE21FDBF7B00E4E0B7 /* GameStartCell.swift in Sources */,
				92FC394C2286EA8A00791053 /* PoemPickerScreenDataSource.swift in Sources */,
				925CEB59218ED64000876E7A /* HomeScreenTableCell.swift in Sources */,
				92296231232F9D2D00D712A6 /* RecitePoemScreenUITest.swift in Sources */,
				92FC39592288389C00791053 /* SelectedStatus100.swift in Sources */,
				9216F5CD214E1A2400A6C250 /* HomeViewControllerUITest.swift in Sources */,
				9208DF1222FAF9DD00A3F22C /* SelectModeCoordinator.swift in Sources */,
				921746272280313700C3203A /* PoemPickerIntegrationUITest.swift in Sources */,
				925CEB50218DB21A00876E7A /* HomeViewController.swift in Sources */,
				923B594623A51C04002027B4 /* PoemPickerScreenUITest.swift in Sources */,
			);
			runOnlyForDeploymentPostprocessing = 0;
		};
/* End PBXSourcesBuildPhase section */

/* Begin PBXTargetDependency section */
		923D59242143BB0B000F5E60 /* PBXTargetDependency */ = {
			isa = PBXTargetDependency;
			target = 923D590D2143BB0A000F5E60 /* Shuffle100 */;
			targetProxy = 923D59232143BB0B000F5E60 /* PBXContainerItemProxy */;
		};
		923D592F2143BB0B000F5E60 /* PBXTargetDependency */ = {
			isa = PBXTargetDependency;
			target = 923D590D2143BB0A000F5E60 /* Shuffle100 */;
			targetProxy = 923D592E2143BB0B000F5E60 /* PBXContainerItemProxy */;
		};
/* End PBXTargetDependency section */

/* Begin XCBuildConfiguration section */
		923D59342143BB0B000F5E60 /* Debug */ = {
			isa = XCBuildConfiguration;
			buildSettings = {
				ALWAYS_SEARCH_USER_PATHS = NO;
				CLANG_ANALYZER_NONNULL = YES;
				CLANG_ANALYZER_NUMBER_OBJECT_CONVERSION = YES_AGGRESSIVE;
				CLANG_CXX_LANGUAGE_STANDARD = "gnu++14";
				CLANG_CXX_LIBRARY = "libc++";
				CLANG_ENABLE_MODULES = YES;
				CLANG_ENABLE_OBJC_ARC = YES;
				CLANG_ENABLE_OBJC_WEAK = YES;
				CLANG_WARN_BLOCK_CAPTURE_AUTORELEASING = YES;
				CLANG_WARN_BOOL_CONVERSION = YES;
				CLANG_WARN_COMMA = YES;
				CLANG_WARN_CONSTANT_CONVERSION = YES;
				CLANG_WARN_DEPRECATED_OBJC_IMPLEMENTATIONS = YES;
				CLANG_WARN_DIRECT_OBJC_ISA_USAGE = YES_ERROR;
				CLANG_WARN_DOCUMENTATION_COMMENTS = YES;
				CLANG_WARN_EMPTY_BODY = YES;
				CLANG_WARN_ENUM_CONVERSION = YES;
				CLANG_WARN_INFINITE_RECURSION = YES;
				CLANG_WARN_INT_CONVERSION = YES;
				CLANG_WARN_NON_LITERAL_NULL_CONVERSION = YES;
				CLANG_WARN_OBJC_IMPLICIT_RETAIN_SELF = YES;
				CLANG_WARN_OBJC_LITERAL_CONVERSION = YES;
				CLANG_WARN_OBJC_ROOT_CLASS = YES_ERROR;
				CLANG_WARN_RANGE_LOOP_ANALYSIS = YES;
				CLANG_WARN_STRICT_PROTOTYPES = YES;
				CLANG_WARN_SUSPICIOUS_MOVE = YES;
				CLANG_WARN_UNGUARDED_AVAILABILITY = YES_AGGRESSIVE;
				CLANG_WARN_UNREACHABLE_CODE = YES;
				CLANG_WARN__DUPLICATE_METHOD_MATCH = YES;
				CODE_SIGN_IDENTITY = "iPhone Developer";
				COPY_PHASE_STRIP = NO;
				DEBUG_INFORMATION_FORMAT = dwarf;
				ENABLE_STRICT_OBJC_MSGSEND = YES;
				ENABLE_TESTABILITY = YES;
				GCC_C_LANGUAGE_STANDARD = gnu11;
				GCC_DYNAMIC_NO_PIC = NO;
				GCC_NO_COMMON_BLOCKS = YES;
				GCC_OPTIMIZATION_LEVEL = 0;
				GCC_PREPROCESSOR_DEFINITIONS = (
					"DEBUG=1",
					"$(inherited)",
				);
				GCC_WARN_64_TO_32_BIT_CONVERSION = YES;
				GCC_WARN_ABOUT_RETURN_TYPE = YES_ERROR;
				GCC_WARN_UNDECLARED_SELECTOR = YES;
				GCC_WARN_UNINITIALIZED_AUTOS = YES_AGGRESSIVE;
				GCC_WARN_UNUSED_FUNCTION = YES;
				GCC_WARN_UNUSED_VARIABLE = YES;
				IPHONEOS_DEPLOYMENT_TARGET = 11.4;
				MTL_ENABLE_DEBUG_INFO = YES;
				ONLY_ACTIVE_ARCH = YES;
				SDKROOT = iphoneos;
				SWIFT_ACTIVE_COMPILATION_CONDITIONS = DEBUG;
				SWIFT_OPTIMIZATION_LEVEL = "-Onone";
			};
			name = Debug;
		};
		923D59352143BB0B000F5E60 /* Release */ = {
			isa = XCBuildConfiguration;
			buildSettings = {
				ALWAYS_SEARCH_USER_PATHS = NO;
				CLANG_ANALYZER_NONNULL = YES;
				CLANG_ANALYZER_NUMBER_OBJECT_CONVERSION = YES_AGGRESSIVE;
				CLANG_CXX_LANGUAGE_STANDARD = "gnu++14";
				CLANG_CXX_LIBRARY = "libc++";
				CLANG_ENABLE_MODULES = YES;
				CLANG_ENABLE_OBJC_ARC = YES;
				CLANG_ENABLE_OBJC_WEAK = YES;
				CLANG_WARN_BLOCK_CAPTURE_AUTORELEASING = YES;
				CLANG_WARN_BOOL_CONVERSION = YES;
				CLANG_WARN_COMMA = YES;
				CLANG_WARN_CONSTANT_CONVERSION = YES;
				CLANG_WARN_DEPRECATED_OBJC_IMPLEMENTATIONS = YES;
				CLANG_WARN_DIRECT_OBJC_ISA_USAGE = YES_ERROR;
				CLANG_WARN_DOCUMENTATION_COMMENTS = YES;
				CLANG_WARN_EMPTY_BODY = YES;
				CLANG_WARN_ENUM_CONVERSION = YES;
				CLANG_WARN_INFINITE_RECURSION = YES;
				CLANG_WARN_INT_CONVERSION = YES;
				CLANG_WARN_NON_LITERAL_NULL_CONVERSION = YES;
				CLANG_WARN_OBJC_IMPLICIT_RETAIN_SELF = YES;
				CLANG_WARN_OBJC_LITERAL_CONVERSION = YES;
				CLANG_WARN_OBJC_ROOT_CLASS = YES_ERROR;
				CLANG_WARN_RANGE_LOOP_ANALYSIS = YES;
				CLANG_WARN_STRICT_PROTOTYPES = YES;
				CLANG_WARN_SUSPICIOUS_MOVE = YES;
				CLANG_WARN_UNGUARDED_AVAILABILITY = YES_AGGRESSIVE;
				CLANG_WARN_UNREACHABLE_CODE = YES;
				CLANG_WARN__DUPLICATE_METHOD_MATCH = YES;
				CODE_SIGN_IDENTITY = "iPhone Developer";
				COPY_PHASE_STRIP = NO;
				DEBUG_INFORMATION_FORMAT = "dwarf-with-dsym";
				ENABLE_NS_ASSERTIONS = NO;
				ENABLE_STRICT_OBJC_MSGSEND = YES;
				GCC_C_LANGUAGE_STANDARD = gnu11;
				GCC_NO_COMMON_BLOCKS = YES;
				GCC_WARN_64_TO_32_BIT_CONVERSION = YES;
				GCC_WARN_ABOUT_RETURN_TYPE = YES_ERROR;
				GCC_WARN_UNDECLARED_SELECTOR = YES;
				GCC_WARN_UNINITIALIZED_AUTOS = YES_AGGRESSIVE;
				GCC_WARN_UNUSED_FUNCTION = YES;
				GCC_WARN_UNUSED_VARIABLE = YES;
				IPHONEOS_DEPLOYMENT_TARGET = 11.4;
				MTL_ENABLE_DEBUG_INFO = NO;
				SDKROOT = iphoneos;
				SWIFT_COMPILATION_MODE = wholemodule;
				SWIFT_OPTIMIZATION_LEVEL = "-O";
				VALIDATE_PRODUCT = YES;
			};
			name = Release;
		};
		923D59372143BB0B000F5E60 /* Debug */ = {
			isa = XCBuildConfiguration;
			baseConfigurationReference = 7D34C7337C6CD8391DD59CE8 /* Pods-Shuffle100.debug.xcconfig */;
			buildSettings = {
				ASSETCATALOG_COMPILER_APPICON_NAME = AppIcon;
				CODE_SIGN_STYLE = Automatic;
				DEVELOPMENT_TEAM = 4B4EJ2GHFC;
				INFOPLIST_FILE = Shuffle100/Info.plist;
				LD_RUNPATH_SEARCH_PATHS = (
					"$(inherited)",
					"@executable_path/Frameworks",
				);
				PRODUCT_BUNDLE_IDENTIFIER = com.sato0123.Shuffle100;
				PRODUCT_NAME = "$(TARGET_NAME)";
				SWIFT_VERSION = 5.0;
				TARGETED_DEVICE_FAMILY = "1,2";
			};
			name = Debug;
		};
		923D59382143BB0B000F5E60 /* Release */ = {
			isa = XCBuildConfiguration;
			baseConfigurationReference = 27FD6DA6CE5138B115160EE7 /* Pods-Shuffle100.release.xcconfig */;
			buildSettings = {
				ASSETCATALOG_COMPILER_APPICON_NAME = AppIcon;
				CODE_SIGN_STYLE = Automatic;
				DEVELOPMENT_TEAM = 4B4EJ2GHFC;
				INFOPLIST_FILE = Shuffle100/Info.plist;
				LD_RUNPATH_SEARCH_PATHS = (
					"$(inherited)",
					"@executable_path/Frameworks",
				);
				PRODUCT_BUNDLE_IDENTIFIER = com.sato0123.Shuffle100;
				PRODUCT_NAME = "$(TARGET_NAME)";
				SWIFT_VERSION = 5.0;
				TARGETED_DEVICE_FAMILY = "1,2";
			};
			name = Release;
		};
		923D593A2143BB0B000F5E60 /* Debug */ = {
			isa = XCBuildConfiguration;
			baseConfigurationReference = AA2DBD7AFAE52C7C37ED7F93 /* Pods-Shuffle100Tests.debug.xcconfig */;
			buildSettings = {
				ALWAYS_EMBED_SWIFT_STANDARD_LIBRARIES = YES;
				BUNDLE_LOADER = "$(TEST_HOST)";
				CODE_SIGN_STYLE = Automatic;
				DEVELOPMENT_TEAM = 4B4EJ2GHFC;
				INFOPLIST_FILE = Shuffle100Tests/Info.plist;
				LD_RUNPATH_SEARCH_PATHS = (
					"$(inherited)",
					"@executable_path/Frameworks",
					"@loader_path/Frameworks",
					"$(FRAMEWORK_SEARCH_PATHS)",
				);
				OTHER_SWIFT_FLAGS = "-D CODOAPODS";
				PRODUCT_BUNDLE_IDENTIFIER = com.sato0123.Shuffle100Tests;
				PRODUCT_NAME = "$(TARGET_NAME)";
				"SWIFT_OBJC_BRIDGING_HEADER[arch=*]" = "";
				SWIFT_VERSION = 5.0;
				TARGETED_DEVICE_FAMILY = "1,2";
				TEST_HOST = "$(BUILT_PRODUCTS_DIR)/Shuffle100.app/Shuffle100";
			};
			name = Debug;
		};
		923D593B2143BB0B000F5E60 /* Release */ = {
			isa = XCBuildConfiguration;
			baseConfigurationReference = FDEFB0C29209BF24E28519C4 /* Pods-Shuffle100Tests.release.xcconfig */;
			buildSettings = {
				ALWAYS_EMBED_SWIFT_STANDARD_LIBRARIES = YES;
				BUNDLE_LOADER = "$(TEST_HOST)";
				CODE_SIGN_STYLE = Automatic;
				DEVELOPMENT_TEAM = 4B4EJ2GHFC;
				INFOPLIST_FILE = Shuffle100Tests/Info.plist;
				LD_RUNPATH_SEARCH_PATHS = (
					"$(inherited)",
					"@executable_path/Frameworks",
					"@loader_path/Frameworks",
					"$(FRAMEWORK_SEARCH_PATHS)",
				);
				OTHER_SWIFT_FLAGS = "";
				PRODUCT_BUNDLE_IDENTIFIER = com.sato0123.Shuffle100Tests;
				PRODUCT_NAME = "$(TARGET_NAME)";
				SWIFT_VERSION = 5.0;
				TARGETED_DEVICE_FAMILY = "1,2";
				TEST_HOST = "$(BUILT_PRODUCTS_DIR)/Shuffle100.app/Shuffle100";
			};
			name = Release;
		};
		923D593D2143BB0B000F5E60 /* Debug */ = {
			isa = XCBuildConfiguration;
			baseConfigurationReference = C56485B4AC3096EC037F94E3 /* Pods-Shuffle100UITests.debug.xcconfig */;
			buildSettings = {
				ALWAYS_EMBED_SWIFT_STANDARD_LIBRARIES = YES;
				CLANG_ENABLE_MODULES = YES;
				CODE_SIGN_STYLE = Automatic;
				DEVELOPMENT_TEAM = 4B4EJ2GHFC;
				FRAMEWORK_SEARCH_PATHS = "$(inherited)";
				INFOPLIST_FILE = Shuffle100UITests/Info.plist;
				LD_RUNPATH_SEARCH_PATHS = (
					"$(inherited)",
					"@executable_path/Frameworks",
					"@loader_path/Frameworks",
					"$(FRAMEWORK_SEARCH_PATHS)",
				);
				PRODUCT_BUNDLE_IDENTIFIER = com.sato0123.Shuffle100UITests;
				PRODUCT_NAME = "$(TARGET_NAME)";
				SWIFT_OPTIMIZATION_LEVEL = "-Onone";
				SWIFT_VERSION = 5.0;
				TARGETED_DEVICE_FAMILY = "1,2";
				TEST_TARGET_NAME = Shuffle100;
			};
			name = Debug;
		};
		923D593E2143BB0B000F5E60 /* Release */ = {
			isa = XCBuildConfiguration;
			baseConfigurationReference = 09770476FEA00C752FDABFBB /* Pods-Shuffle100UITests.release.xcconfig */;
			buildSettings = {
				ALWAYS_EMBED_SWIFT_STANDARD_LIBRARIES = YES;
				CLANG_ENABLE_MODULES = YES;
				CODE_SIGN_STYLE = Automatic;
				DEVELOPMENT_TEAM = 4B4EJ2GHFC;
				FRAMEWORK_SEARCH_PATHS = "$(inherited)";
				INFOPLIST_FILE = Shuffle100UITests/Info.plist;
				LD_RUNPATH_SEARCH_PATHS = (
					"$(inherited)",
					"@executable_path/Frameworks",
					"@loader_path/Frameworks",
					"$(FRAMEWORK_SEARCH_PATHS)",
				);
				PRODUCT_BUNDLE_IDENTIFIER = com.sato0123.Shuffle100UITests;
				PRODUCT_NAME = "$(TARGET_NAME)";
				SWIFT_VERSION = 5.0;
				TARGETED_DEVICE_FAMILY = "1,2";
				TEST_TARGET_NAME = Shuffle100;
			};
			name = Release;
		};
/* End XCBuildConfiguration section */

/* Begin XCConfigurationList section */
		923D59092143BB0A000F5E60 /* Build configuration list for PBXProject "Shuffle100" */ = {
			isa = XCConfigurationList;
			buildConfigurations = (
				923D59342143BB0B000F5E60 /* Debug */,
				923D59352143BB0B000F5E60 /* Release */,
			);
			defaultConfigurationIsVisible = 0;
			defaultConfigurationName = Release;
		};
		923D59362143BB0B000F5E60 /* Build configuration list for PBXNativeTarget "Shuffle100" */ = {
			isa = XCConfigurationList;
			buildConfigurations = (
				923D59372143BB0B000F5E60 /* Debug */,
				923D59382143BB0B000F5E60 /* Release */,
			);
			defaultConfigurationIsVisible = 0;
			defaultConfigurationName = Release;
		};
		923D59392143BB0B000F5E60 /* Build configuration list for PBXNativeTarget "Shuffle100Tests" */ = {
			isa = XCConfigurationList;
			buildConfigurations = (
				923D593A2143BB0B000F5E60 /* Debug */,
				923D593B2143BB0B000F5E60 /* Release */,
			);
			defaultConfigurationIsVisible = 0;
			defaultConfigurationName = Release;
		};
		923D593C2143BB0B000F5E60 /* Build configuration list for PBXNativeTarget "Shuffle100UITests" */ = {
			isa = XCConfigurationList;
			buildConfigurations = (
				923D593D2143BB0B000F5E60 /* Debug */,
				923D593E2143BB0B000F5E60 /* Release */,
			);
			defaultConfigurationIsVisible = 0;
			defaultConfigurationName = Release;
		};
/* End XCConfigurationList section */
	};
	rootObject = 923D59062143BB0A000F5E60 /* Project object */;
}
