// !$*UTF8*$!
{
	archiveVersion = 1;
	classes = {
	};
	objectVersion = 50;
	objects = {

/* Begin PBXBuildFile section */
		9216F5CD214E1A2400A6C250 /* HomeViewControllerUITest.swift in Sources */ = {isa = PBXBuildFile; fileRef = 9216F5CC214E1A2400A6C250 /* HomeViewControllerUITest.swift */; };
		921737F7214E97C00059EAA4 /* UIColorExtention.swift in Sources */ = {isa = PBXBuildFile; fileRef = 921737F6214E97C00059EAA4 /* UIColorExtention.swift */; };
		923D59122143BB0A000F5E60 /* AppDelegate.swift in Sources */ = {isa = PBXBuildFile; fileRef = 923D59112143BB0A000F5E60 /* AppDelegate.swift */; };
		923D59142143BB0A000F5E60 /* HomeViewController.swift in Sources */ = {isa = PBXBuildFile; fileRef = 923D59132143BB0A000F5E60 /* HomeViewController.swift */; };
		923D59192143BB0B000F5E60 /* Assets.xcassets in Resources */ = {isa = PBXBuildFile; fileRef = 923D59182143BB0B000F5E60 /* Assets.xcassets */; };
		923D59272143BB0B000F5E60 /* Shuffle100Tests.swift in Sources */ = {isa = PBXBuildFile; fileRef = 923D59262143BB0B000F5E60 /* Shuffle100Tests.swift */; };
/* End PBXBuildFile section */

/* Begin PBXContainerItemProxy section */
		923D59232143BB0B000F5E60 /* PBXContainerItemProxy */ = {
			isa = PBXContainerItemProxy;
			containerPortal = 923D59062143BB0A000F5E60 /* Project object */;
			proxyType = 1;
			remoteGlobalIDString = 923D590D2143BB0A000F5E60;
			remoteInfo = Shuffle100;
		};
		923D592E2143BB0B000F5E60 /* PBXContainerItemProxy */ = {
			isa = PBXContainerItemProxy;
			containerPortal = 923D59062143BB0A000F5E60 /* Project object */;
			proxyType = 1;
			remoteGlobalIDString = 923D590D2143BB0A000F5E60;
			remoteInfo = Shuffle100;
		};
/* End PBXContainerItemProxy section */

/* Begin PBXFileReference section */
		9216F5CC214E1A2400A6C250 /* HomeViewControllerUITest.swift */ = {isa = PBXFileReference; lastKnownFileType = sourcecode.swift; path = HomeViewControllerUITest.swift; sourceTree = "<group>"; };
		921737F6214E97C00059EAA4 /* UIColorExtention.swift */ = {isa = PBXFileReference; lastKnownFileType = sourcecode.swift; path = UIColorExtention.swift; sourceTree = "<group>"; };
		923D590E2143BB0A000F5E60 /* Shuffle100.app */ = {isa = PBXFileReference; explicitFileType = wrapper.application; includeInIndex = 0; path = Shuffle100.app; sourceTree = BUILT_PRODUCTS_DIR; };
		923D59112143BB0A000F5E60 /* AppDelegate.swift */ = {isa = PBXFileReference; lastKnownFileType = sourcecode.swift; path = AppDelegate.swift; sourceTree = "<group>"; };
		923D59132143BB0A000F5E60 /* HomeViewController.swift */ = {isa = PBXFileReference; lastKnownFileType = sourcecode.swift; path = HomeViewController.swift; sourceTree = "<group>"; };
		923D59182143BB0B000F5E60 /* Assets.xcassets */ = {isa = PBXFileReference; lastKnownFileType = folder.assetcatalog; path = Assets.xcassets; sourceTree = "<group>"; };
		923D591D2143BB0B000F5E60 /* Info.plist */ = {isa = PBXFileReference; lastKnownFileType = text.plist.xml; path = Info.plist; sourceTree = "<group>"; };
		923D59222143BB0B000F5E60 /* Shuffle100Tests.xctest */ = {isa = PBXFileReference; explicitFileType = wrapper.cfbundle; includeInIndex = 0; path = Shuffle100Tests.xctest; sourceTree = BUILT_PRODUCTS_DIR; };
		923D59262143BB0B000F5E60 /* Shuffle100Tests.swift */ = {isa = PBXFileReference; lastKnownFileType = sourcecode.swift; path = Shuffle100Tests.swift; sourceTree = "<group>"; };
		923D59282143BB0B000F5E60 /* Info.plist */ = {isa = PBXFileReference; lastKnownFileType = text.plist.xml; path = Info.plist; sourceTree = "<group>"; };
		923D592D2143BB0B000F5E60 /* Shuffle100UITests.xctest */ = {isa = PBXFileReference; explicitFileType = wrapper.cfbundle; includeInIndex = 0; path = Shuffle100UITests.xctest; sourceTree = BUILT_PRODUCTS_DIR; };
		923D59332143BB0B000F5E60 /* Info.plist */ = {isa = PBXFileReference; lastKnownFileType = text.plist.xml; path = Info.plist; sourceTree = "<group>"; };
/* End PBXFileReference section */

/* Begin PBXFrameworksBuildPhase section */
		923D590B2143BB0A000F5E60 /* Frameworks */ = {
			isa = PBXFrameworksBuildPhase;
			buildActionMask = 2147483647;
			files = (
			);
			runOnlyForDeploymentPostprocessing = 0;
		};
		923D591F2143BB0B000F5E60 /* Frameworks */ = {
			isa = PBXFrameworksBuildPhase;
			buildActionMask = 2147483647;
			files = (
			);
			runOnlyForDeploymentPostprocessing = 0;
		};
		923D592A2143BB0B000F5E60 /* Frameworks */ = {
			isa = PBXFrameworksBuildPhase;
			buildActionMask = 2147483647;
			files = (
			);
			runOnlyForDeploymentPostprocessing = 0;
		};
/* End PBXFrameworksBuildPhase section */

/* Begin PBXGroup section */
		921737F5214E979F0059EAA4 /* lib */ = {
			isa = PBXGroup;
			children = (
				921737F6214E97C00059EAA4 /* UIColorExtention.swift */,
			);
			path = lib;
			sourceTree = "<group>";
		};
		923D59052143BB0A000F5E60 = {
			isa = PBXGroup;
			children = (
				921737F5214E979F0059EAA4 /* lib */,
				923D59102143BB0A000F5E60 /* Shuffle100 */,
				923D59252143BB0B000F5E60 /* Shuffle100Tests */,
				923D59302143BB0B000F5E60 /* Shuffle100UITests */,
				923D590F2143BB0A000F5E60 /* Products */,
			);
			sourceTree = "<group>";
		};
		923D590F2143BB0A000F5E60 /* Products */ = {
			isa = PBXGroup;
			children = (
				923D590E2143BB0A000F5E60 /* Shuffle100.app */,
				923D59222143BB0B000F5E60 /* Shuffle100Tests.xctest */,
				923D592D2143BB0B000F5E60 /* Shuffle100UITests.xctest */,
			);
			name = Products;
			sourceTree = "<group>";
		};
		923D59102143BB0A000F5E60 /* Shuffle100 */ = {
			isa = PBXGroup;
			children = (
				923D593F2143BD50000F5E60 /* screens */,
				923D59112143BB0A000F5E60 /* AppDelegate.swift */,
				923D59132143BB0A000F5E60 /* HomeViewController.swift */,
				923D59182143BB0B000F5E60 /* Assets.xcassets */,
				923D591D2143BB0B000F5E60 /* Info.plist */,
			);
			path = Shuffle100;
			sourceTree = "<group>";
		};
		923D59252143BB0B000F5E60 /* Shuffle100Tests */ = {
			isa = PBXGroup;
			children = (
				923D59262143BB0B000F5E60 /* Shuffle100Tests.swift */,
				923D59282143BB0B000F5E60 /* Info.plist */,
			);
			path = Shuffle100Tests;
			sourceTree = "<group>";
		};
		923D59302143BB0B000F5E60 /* Shuffle100UITests */ = {
			isa = PBXGroup;
			children = (
				923D59332143BB0B000F5E60 /* Info.plist */,
				9216F5CC214E1A2400A6C250 /* HomeViewControllerUITest.swift */,
			);
			path = Shuffle100UITests;
			sourceTree = "<group>";
		};
		923D593F2143BD50000F5E60 /* screens */ = {
			isa = PBXGroup;
			children = (
			);
			path = screens;
			sourceTree = "<group>";
		};
/* End PBXGroup section */

/* Begin PBXNativeTarget section */
		923D590D2143BB0A000F5E60 /* Shuffle100 */ = {
			isa = PBXNativeTarget;
			buildConfigurationList = 923D59362143BB0B000F5E60 /* Build configuration list for PBXNativeTarget "Shuffle100" */;
			buildPhases = (
				923D590A2143BB0A000F5E60 /* Sources */,
				923D590B2143BB0A000F5E60 /* Frameworks */,
				923D590C2143BB0A000F5E60 /* Resources */,
			);
			buildRules = (
			);
			dependencies = (
			);
			name = Shuffle100;
			productName = Shuffle100;
			productReference = 923D590E2143BB0A000F5E60 /* Shuffle100.app */;
			productType = "com.apple.product-type.application";
		};
		923D59212143BB0B000F5E60 /* Shuffle100Tests */ = {
			isa = PBXNativeTarget;
			buildConfigurationList = 923D59392143BB0B000F5E60 /* Build configuration list for PBXNativeTarget "Shuffle100Tests" */;
			buildPhases = (
				923D591E2143BB0B000F5E60 /* Sources */,
				923D591F2143BB0B000F5E60 /* Frameworks */,
				923D59202143BB0B000F5E60 /* Resources */,
			);
			buildRules = (
			);
			dependencies = (
				923D59242143BB0B000F5E60 /* PBXTargetDependency */,
			);
			name = Shuffle100Tests;
			productName = Shuffle100Tests;
			productReference = 923D59222143BB0B000F5E60 /* Shuffle100Tests.xctest */;
			productType = "com.apple.product-type.bundle.unit-test";
		};
		923D592C2143BB0B000F5E60 /* Shuffle100UITests */ = {
			isa = PBXNativeTarget;
			buildConfigurationList = 923D593C2143BB0B000F5E60 /* Build configuration list for PBXNativeTarget "Shuffle100UITests" */;
			buildPhases = (
				923D59292143BB0B000F5E60 /* Sources */,
				923D592A2143BB0B000F5E60 /* Frameworks */,
				923D592B2143BB0B000F5E60 /* Resources */,
			);
			buildRules = (
			);
			dependencies = (
				923D592F2143BB0B000F5E60 /* PBXTargetDependency */,
			);
			name = Shuffle100UITests;
			productName = Shuffle100UITests;
			productReference = 923D592D2143BB0B000F5E60 /* Shuffle100UITests.xctest */;
			productType = "com.apple.product-type.bundle.ui-testing";
		};
/* End PBXNativeTarget section */

/* Begin PBXProject section */
		923D59062143BB0A000F5E60 /* Project object */ = {
			isa = PBXProject;
			attributes = {
				LastSwiftUpdateCheck = 0940;
				LastUpgradeCheck = 0940;
				ORGANIZATIONNAME = "里 佳史";
				TargetAttributes = {
					923D590D2143BB0A000F5E60 = {
						CreatedOnToolsVersion = 9.4.1;
						LastSwiftMigration = 1000;
					};
					923D59212143BB0B000F5E60 = {
						CreatedOnToolsVersion = 9.4.1;
						LastSwiftMigration = 1000;
						TestTargetID = 923D590D2143BB0A000F5E60;
					};
					923D592C2143BB0B000F5E60 = {
						CreatedOnToolsVersion = 9.4.1;
						LastSwiftMigration = 1000;
						TestTargetID = 923D590D2143BB0A000F5E60;
					};
				};
			};
			buildConfigurationList = 923D59092143BB0A000F5E60 /* Build configuration list for PBXProject "Shuffle100" */;
			compatibilityVersion = "Xcode 9.3";
			developmentRegion = en;
			hasScannedForEncodings = 0;
			knownRegions = (
				en,
				Base,
			);
			mainGroup = 923D59052143BB0A000F5E60;
			productRefGroup = 923D590F2143BB0A000F5E60 /* Products */;
			projectDirPath = "";
			projectRoot = "";
			targets = (
				923D590D2143BB0A000F5E60 /* Shuffle100 */,
				923D59212143BB0B000F5E60 /* Shuffle100Tests */,
				923D592C2143BB0B000F5E60 /* Shuffle100UITests */,
			);
		};
/* End PBXProject section */

/* Begin PBXResourcesBuildPhase section */
		923D590C2143BB0A000F5E60 /* Resources */ = {
			isa = PBXResourcesBuildPhase;
			buildActionMask = 2147483647;
			files = (
				923D59192143BB0B000F5E60 /* Assets.xcassets in Resources */,
			);
			runOnlyForDeploymentPostprocessing = 0;
		};
		923D59202143BB0B000F5E60 /* Resources */ = {
			isa = PBXResourcesBuildPhase;
			buildActionMask = 2147483647;
			files = (
			);
			runOnlyForDeploymentPostprocessing = 0;
		};
		923D592B2143BB0B000F5E60 /* Resources */ = {
			isa = PBXResourcesBuildPhase;
			buildActionMask = 2147483647;
			files = (
			);
			runOnlyForDeploymentPostprocessing = 0;
		};
/* End PBXResourcesBuildPhase section */

/* Begin PBXSourcesBuildPhase section */
		923D590A2143BB0A000F5E60 /* Sources */ = {
			isa = PBXSourcesBuildPhase;
			buildActionMask = 2147483647;
			files = (
				923D59142143BB0A000F5E60 /* HomeViewController.swift in Sources */,
				923D59122143BB0A000F5E60 /* AppDelegate.swift in Sources */,
				921737F7214E97C00059EAA4 /* UIColorExtention.swift in Sources */,
			);
			runOnlyForDeploymentPostprocessing = 0;
		};
		923D591E2143BB0B000F5E60 /* Sources */ = {
			isa = PBXSourcesBuildPhase;
			buildActionMask = 2147483647;
			files = (
				923D59272143BB0B000F5E60 /* Shuffle100Tests.swift in Sources */,
			);
			runOnlyForDeploymentPostprocessing = 0;
		};
		923D59292143BB0B000F5E60 /* Sources */ = {
			isa = PBXSourcesBuildPhase;
			buildActionMask = 2147483647;
			files = (
				9216F5CD214E1A2400A6C250 /* HomeViewControllerUITest.swift in Sources */,
			);
			runOnlyForDeploymentPostprocessing = 0;
		};
/* End PBXSourcesBuildPhase section */

/* Begin PBXTargetDependency section */
		923D59242143BB0B000F5E60 /* PBXTargetDependency */ = {
			isa = PBXTargetDependency;
			target = 923D590D2143BB0A000F5E60 /* Shuffle100 */;
			targetProxy = 923D59232143BB0B000F5E60 /* PBXContainerItemProxy */;
		};
		923D592F2143BB0B000F5E60 /* PBXTargetDependency */ = {
			isa = PBXTargetDependency;
			target = 923D590D2143BB0A000F5E60 /* Shuffle100 */;
			targetProxy = 923D592E2143BB0B000F5E60 /* PBXContainerItemProxy */;
		};
/* End PBXTargetDependency section */

/* Begin XCBuildConfiguration section */
		923D59342143BB0B000F5E60 /* Debug */ = {
			isa = XCBuildConfiguration;
			buildSettings = {
				ALWAYS_SEARCH_USER_PATHS = NO;
				CLANG_ANALYZER_NONNULL = YES;
				CLANG_ANALYZER_NUMBER_OBJECT_CONVERSION = YES_AGGRESSIVE;
				CLANG_CXX_LANGUAGE_STANDARD = "gnu++14";
				CLANG_CXX_LIBRARY = "libc++";
				CLANG_ENABLE_MODULES = YES;
				CLANG_ENABLE_OBJC_ARC = YES;
				CLANG_ENABLE_OBJC_WEAK = YES;
				CLANG_WARN_BLOCK_CAPTURE_AUTORELEASING = YES;
				CLANG_WARN_BOOL_CONVERSION = YES;
				CLANG_WARN_COMMA = YES;
				CLANG_WARN_CONSTANT_CONVERSION = YES;
				CLANG_WARN_DEPRECATED_OBJC_IMPLEMENTATIONS = YES;
				CLANG_WARN_DIRECT_OBJC_ISA_USAGE = YES_ERROR;
				CLANG_WARN_DOCUMENTATION_COMMENTS = YES;
				CLANG_WARN_EMPTY_BODY = YES;
				CLANG_WARN_ENUM_CONVERSION = YES;
				CLANG_WARN_INFINITE_RECURSION = YES;
				CLANG_WARN_INT_CONVERSION = YES;
				CLANG_WARN_NON_LITERAL_NULL_CONVERSION = YES;
				CLANG_WARN_OBJC_IMPLICIT_RETAIN_SELF = YES;
				CLANG_WARN_OBJC_LITERAL_CONVERSION = YES;
				CLANG_WARN_OBJC_ROOT_CLASS = YES_ERROR;
				CLANG_WARN_RANGE_LOOP_ANALYSIS = YES;
				CLANG_WARN_STRICT_PROTOTYPES = YES;
				CLANG_WARN_SUSPICIOUS_MOVE = YES;
				CLANG_WARN_UNGUARDED_AVAILABILITY = YES_AGGRESSIVE;
				CLANG_WARN_UNREACHABLE_CODE = YES;
				CLANG_WARN__DUPLICATE_METHOD_MATCH = YES;
				CODE_SIGN_IDENTITY = "iPhone Developer";
				COPY_PHASE_STRIP = NO;
				DEBUG_INFORMATION_FORMAT = dwarf;
				ENABLE_STRICT_OBJC_MSGSEND = YES;
				ENABLE_TESTABILITY = YES;
				GCC_C_LANGUAGE_STANDARD = gnu11;
				GCC_DYNAMIC_NO_PIC = NO;
				GCC_NO_COMMON_BLOCKS = YES;
				GCC_OPTIMIZATION_LEVEL = 0;
				GCC_PREPROCESSOR_DEFINITIONS = (
					"DEBUG=1",
					"$(inherited)",
				);
				GCC_WARN_64_TO_32_BIT_CONVERSION = YES;
				GCC_WARN_ABOUT_RETURN_TYPE = YES_ERROR;
				GCC_WARN_UNDECLARED_SELECTOR = YES;
				GCC_WARN_UNINITIALIZED_AUTOS = YES_AGGRESSIVE;
				GCC_WARN_UNUSED_FUNCTION = YES;
				GCC_WARN_UNUSED_VARIABLE = YES;
				IPHONEOS_DEPLOYMENT_TARGET = 11.4;
				MTL_ENABLE_DEBUG_INFO = YES;
				ONLY_ACTIVE_ARCH = YES;
				SDKROOT = iphoneos;
				SWIFT_ACTIVE_COMPILATION_CONDITIONS = DEBUG;
				SWIFT_OPTIMIZATION_LEVEL = "-Onone";
			};
			name = Debug;
		};
		923D59352143BB0B000F5E60 /* Release */ = {
			isa = XCBuildConfiguration;
			buildSettings = {
				ALWAYS_SEARCH_USER_PATHS = NO;
				CLANG_ANALYZER_NONNULL = YES;
				CLANG_ANALYZER_NUMBER_OBJECT_CONVERSION = YES_AGGRESSIVE;
				CLANG_CXX_LANGUAGE_STANDARD = "gnu++14";
				CLANG_CXX_LIBRARY = "libc++";
				CLANG_ENABLE_MODULES = YES;
				CLANG_ENABLE_OBJC_ARC = YES;
				CLANG_ENABLE_OBJC_WEAK = YES;
				CLANG_WARN_BLOCK_CAPTURE_AUTORELEASING = YES;
				CLANG_WARN_BOOL_CONVERSION = YES;
				CLANG_WARN_COMMA = YES;
				CLANG_WARN_CONSTANT_CONVERSION = YES;
				CLANG_WARN_DEPRECATED_OBJC_IMPLEMENTATIONS = YES;
				CLANG_WARN_DIRECT_OBJC_ISA_USAGE = YES_ERROR;
				CLANG_WARN_DOCUMENTATION_COMMENTS = YES;
				CLANG_WARN_EMPTY_BODY = YES;
				CLANG_WARN_ENUM_CONVERSION = YES;
				CLANG_WARN_INFINITE_RECURSION = YES;
				CLANG_WARN_INT_CONVERSION = YES;
				CLANG_WARN_NON_LITERAL_NULL_CONVERSION = YES;
				CLANG_WARN_OBJC_IMPLICIT_RETAIN_SELF = YES;
				CLANG_WARN_OBJC_LITERAL_CONVERSION = YES;
				CLANG_WARN_OBJC_ROOT_CLASS = YES_ERROR;
				CLANG_WARN_RANGE_LOOP_ANALYSIS = YES;
				CLANG_WARN_STRICT_PROTOTYPES = YES;
				CLANG_WARN_SUSPICIOUS_MOVE = YES;
				CLANG_WARN_UNGUARDED_AVAILABILITY = YES_AGGRESSIVE;
				CLANG_WARN_UNREACHABLE_CODE = YES;
				CLANG_WARN__DUPLICATE_METHOD_MATCH = YES;
				CODE_SIGN_IDENTITY = "iPhone Developer";
				COPY_PHASE_STRIP = NO;
				DEBUG_INFORMATION_FORMAT = "dwarf-with-dsym";
				ENABLE_NS_ASSERTIONS = NO;
				ENABLE_STRICT_OBJC_MSGSEND = YES;
				GCC_C_LANGUAGE_STANDARD = gnu11;
				GCC_NO_COMMON_BLOCKS = YES;
				GCC_WARN_64_TO_32_BIT_CONVERSION = YES;
				GCC_WARN_ABOUT_RETURN_TYPE = YES_ERROR;
				GCC_WARN_UNDECLARED_SELECTOR = YES;
				GCC_WARN_UNINITIALIZED_AUTOS = YES_AGGRESSIVE;
				GCC_WARN_UNUSED_FUNCTION = YES;
				GCC_WARN_UNUSED_VARIABLE = YES;
				IPHONEOS_DEPLOYMENT_TARGET = 11.4;
				MTL_ENABLE_DEBUG_INFO = NO;
				SDKROOT = iphoneos;
				SWIFT_COMPILATION_MODE = wholemodule;
				SWIFT_OPTIMIZATION_LEVEL = "-O";
				VALIDATE_PRODUCT = YES;
			};
			name = Release;
		};
		923D59372143BB0B000F5E60 /* Debug */ = {
			isa = XCBuildConfiguration;
			buildSettings = {
				ASSETCATALOG_COMPILER_APPICON_NAME = AppIcon;
				CODE_SIGN_STYLE = Automatic;
				DEVELOPMENT_TEAM = 4B4EJ2GHFC;
				INFOPLIST_FILE = Shuffle100/Info.plist;
				LD_RUNPATH_SEARCH_PATHS = (
					"$(inherited)",
					"@executable_path/Frameworks",
				);
				PRODUCT_BUNDLE_IDENTIFIER = com.sato0123.Shuffle100;
				PRODUCT_NAME = "$(TARGET_NAME)";
				SWIFT_VERSION = 4.2;
				TARGETED_DEVICE_FAMILY = "1,2";
			};
			name = Debug;
		};
		923D59382143BB0B000F5E60 /* Release */ = {
			isa = XCBuildConfiguration;
			buildSettings = {
				ASSETCATALOG_COMPILER_APPICON_NAME = AppIcon;
				CODE_SIGN_STYLE = Automatic;
				DEVELOPMENT_TEAM = 4B4EJ2GHFC;
				INFOPLIST_FILE = Shuffle100/Info.plist;
				LD_RUNPATH_SEARCH_PATHS = (
					"$(inherited)",
					"@executable_path/Frameworks",
				);
				PRODUCT_BUNDLE_IDENTIFIER = com.sato0123.Shuffle100;
				PRODUCT_NAME = "$(TARGET_NAME)";
				SWIFT_VERSION = 4.2;
				TARGETED_DEVICE_FAMILY = "1,2";
			};
			name = Release;
		};
		923D593A2143BB0B000F5E60 /* Debug */ = {
			isa = XCBuildConfiguration;
			buildSettings = {
				ALWAYS_EMBED_SWIFT_STANDARD_LIBRARIES = YES;
				BUNDLE_LOADER = "$(TEST_HOST)";
				CODE_SIGN_STYLE = Automatic;
				DEVELOPMENT_TEAM = 4B4EJ2GHFC;
				INFOPLIST_FILE = Shuffle100Tests/Info.plist;
				LD_RUNPATH_SEARCH_PATHS = (
					"$(inherited)",
					"@executable_path/Frameworks",
					"@loader_path/Frameworks",
				);
				PRODUCT_BUNDLE_IDENTIFIER = com.sato0123.Shuffle100Tests;
				PRODUCT_NAME = "$(TARGET_NAME)";
				SWIFT_VERSION = 4.2;
				TARGETED_DEVICE_FAMILY = "1,2";
				TEST_HOST = "$(BUILT_PRODUCTS_DIR)/Shuffle100.app/Shuffle100";
			};
			name = Debug;
		};
		923D593B2143BB0B000F5E60 /* Release */ = {
			isa = XCBuildConfiguration;
			buildSettings = {
				ALWAYS_EMBED_SWIFT_STANDARD_LIBRARIES = YES;
				BUNDLE_LOADER = "$(TEST_HOST)";
				CODE_SIGN_STYLE = Automatic;
				DEVELOPMENT_TEAM = 4B4EJ2GHFC;
				INFOPLIST_FILE = Shuffle100Tests/Info.plist;
				LD_RUNPATH_SEARCH_PATHS = (
					"$(inherited)",
					"@executable_path/Frameworks",
					"@loader_path/Frameworks",
				);
				PRODUCT_BUNDLE_IDENTIFIER = com.sato0123.Shuffle100Tests;
				PRODUCT_NAME = "$(TARGET_NAME)";
				SWIFT_VERSION = 4.2;
				TARGETED_DEVICE_FAMILY = "1,2";
				TEST_HOST = "$(BUILT_PRODUCTS_DIR)/Shuffle100.app/Shuffle100";
			};
			name = Release;
		};
		923D593D2143BB0B000F5E60 /* Debug */ = {
			isa = XCBuildConfiguration;
			buildSettings = {
				ALWAYS_EMBED_SWIFT_STANDARD_LIBRARIES = YES;
				CLANG_ENABLE_MODULES = YES;
				CODE_SIGN_STYLE = Automatic;
				DEVELOPMENT_TEAM = 4B4EJ2GHFC;
				INFOPLIST_FILE = Shuffle100UITests/Info.plist;
				LD_RUNPATH_SEARCH_PATHS = (
					"$(inherited)",
					"@executable_path/Frameworks",
					"@loader_path/Frameworks",
				);
				PRODUCT_BUNDLE_IDENTIFIER = com.sato0123.Shuffle100UITests;
				PRODUCT_NAME = "$(TARGET_NAME)";
				SWIFT_OPTIMIZATION_LEVEL = "-Onone";
				SWIFT_VERSION = 4.2;
				TARGETED_DEVICE_FAMILY = "1,2";
				TEST_TARGET_NAME = Shuffle100;
			};
			name = Debug;
		};
		923D593E2143BB0B000F5E60 /* Release */ = {
			isa = XCBuildConfiguration;
			buildSettings = {
				ALWAYS_EMBED_SWIFT_STANDARD_LIBRARIES = YES;
				CLANG_ENABLE_MODULES = YES;
				CODE_SIGN_STYLE = Automatic;
				DEVELOPMENT_TEAM = 4B4EJ2GHFC;
				INFOPLIST_FILE = Shuffle100UITests/Info.plist;
				LD_RUNPATH_SEARCH_PATHS = (
					"$(inherited)",
					"@executable_path/Frameworks",
					"@loader_path/Frameworks",
				);
				PRODUCT_BUNDLE_IDENTIFIER = com.sato0123.Shuffle100UITests;
				PRODUCT_NAME = "$(TARGET_NAME)";
				SWIFT_VERSION = 4.2;
				TARGETED_DEVICE_FAMILY = "1,2";
				TEST_TARGET_NAME = Shuffle100;
			};
			name = Release;
		};
/* End XCBuildConfiguration section */

/* Begin XCConfigurationList section */
		923D59092143BB0A000F5E60 /* Build configuration list for PBXProject "Shuffle100" */ = {
			isa = XCConfigurationList;
			buildConfigurations = (
				923D59342143BB0B000F5E60 /* Debug */,
				923D59352143BB0B000F5E60 /* Release */,
			);
			defaultConfigurationIsVisible = 0;
			defaultConfigurationName = Release;
		};
		923D59362143BB0B000F5E60 /* Build configuration list for PBXNativeTarget "Shuffle100" */ = {
			isa = XCConfigurationList;
			buildConfigurations = (
				923D59372143BB0B000F5E60 /* Debug */,
				923D59382143BB0B000F5E60 /* Release */,
			);
			defaultConfigurationIsVisible = 0;
			defaultConfigurationName = Release;
		};
		923D59392143BB0B000F5E60 /* Build configuration list for PBXNativeTarget "Shuffle100Tests" */ = {
			isa = XCConfigurationList;
			buildConfigurations = (
				923D593A2143BB0B000F5E60 /* Debug */,
				923D593B2143BB0B000F5E60 /* Release */,
			);
			defaultConfigurationIsVisible = 0;
			defaultConfigurationName = Release;
		};
		923D593C2143BB0B000F5E60 /* Build configuration list for PBXNativeTarget "Shuffle100UITests" */ = {
			isa = XCConfigurationList;
			buildConfigurations = (
				923D593D2143BB0B000F5E60 /* Debug */,
				923D593E2143BB0B000F5E60 /* Release */,
			);
			defaultConfigurationIsVisible = 0;
			defaultConfigurationName = Release;
		};
/* End XCConfigurationList section */
	};
	rootObject = 923D59062143BB0A000F5E60 /* Project object */;
}
